Microsoft Visual Studio Solution File, Format Version 11.00
# Visual Studio 2010
Project("{8BC9CEB8-8B4A-11D0-8D11-00A0C91BC942}") = "FreeImage", "Dependencies\src\FreeImage\FreeImage.vcxproj", "{7703EAB2-EEB1-3EAB-AA55-836F20F607BC}"
EndProject
Project("{8BC9CEB8-8B4A-11D0-8D11-00A0C91BC942}") = "OIS", "Dependencies\src\ois\OIS.vcxproj", "{26F11247-E352-31F6-8A00-E4DEAAEC6ECB}"
EndProject
Project("{8BC9CEB8-8B4A-11D0-8D11-00A0C91BC942}") = "OgreMain", "OgreMain\OgreMain.vcxproj", "{D218A8EC-11B6-3DDD-8A0F-28B69BC49566}"
	ProjectSection(ProjectDependencies) = postProject
		{7703EAB2-EEB1-3EAB-AA55-836F20F607BC} = {7703EAB2-EEB1-3EAB-AA55-836F20F607BC}
		{0418CD2D-F449-3DB6-9723-C2E5AE81E511} = {0418CD2D-F449-3DB6-9723-C2E5AE81E511}
		{75AC165A-BC97-3A3D-B584-BF8CD65CB7D5} = {75AC165A-BC97-3A3D-B584-BF8CD65CB7D5}
		{6B3887EF-0127-36B8-A915-2F063234BB17} = {6B3887EF-0127-36B8-A915-2F063234BB17}
	EndProjectSection
EndProject
Project("{8BC9CEB8-8B4A-11D0-8D11-00A0C91BC942}") = "OgreMeshUpgrader", "Tools\MeshUpgrader\OgreMeshUpgrader.vcxproj", "{580F58CF-4813-30E8-8689-06A77EDD4A3A}"
	ProjectSection(ProjectDependencies) = postProject
		{7703EAB2-EEB1-3EAB-AA55-836F20F607BC} = {7703EAB2-EEB1-3EAB-AA55-836F20F607BC}
		{D218A8EC-11B6-3DDD-8A0F-28B69BC49566} = {D218A8EC-11B6-3DDD-8A0F-28B69BC49566}
		{0418CD2D-F449-3DB6-9723-C2E5AE81E511} = {0418CD2D-F449-3DB6-9723-C2E5AE81E511}
		{75AC165A-BC97-3A3D-B584-BF8CD65CB7D5} = {75AC165A-BC97-3A3D-B584-BF8CD65CB7D5}
		{6B3887EF-0127-36B8-A915-2F063234BB17} = {6B3887EF-0127-36B8-A915-2F063234BB17}
	EndProjectSection
EndProject
Project("{8BC9CEB8-8B4A-11D0-8D11-00A0C91BC942}") = "OgrePaging", "Components\Paging\OgrePaging.vcxproj", "{EEA110B6-EBB7-3443-AD47-CA628EAC0CB8}"
	ProjectSection(ProjectDependencies) = postProject
		{7703EAB2-EEB1-3EAB-AA55-836F20F607BC} = {7703EAB2-EEB1-3EAB-AA55-836F20F607BC}
		{D218A8EC-11B6-3DDD-8A0F-28B69BC49566} = {D218A8EC-11B6-3DDD-8A0F-28B69BC49566}
		{0418CD2D-F449-3DB6-9723-C2E5AE81E511} = {0418CD2D-F449-3DB6-9723-C2E5AE81E511}
		{75AC165A-BC97-3A3D-B584-BF8CD65CB7D5} = {75AC165A-BC97-3A3D-B584-BF8CD65CB7D5}
		{6B3887EF-0127-36B8-A915-2F063234BB17} = {6B3887EF-0127-36B8-A915-2F063234BB17}
	EndProjectSection
EndProject
Project("{8BC9CEB8-8B4A-11D0-8D11-00A0C91BC942}") = "OgreRTShaderSystem", "Components\RTShaderSystem\OgreRTShaderSystem.vcxproj", "{15BCB76A-DD98-35DD-96B1-1E7EEEC741A0}"
	ProjectSection(ProjectDependencies) = postProject
		{7703EAB2-EEB1-3EAB-AA55-836F20F607BC} = {7703EAB2-EEB1-3EAB-AA55-836F20F607BC}
		{D218A8EC-11B6-3DDD-8A0F-28B69BC49566} = {D218A8EC-11B6-3DDD-8A0F-28B69BC49566}
		{0418CD2D-F449-3DB6-9723-C2E5AE81E511} = {0418CD2D-F449-3DB6-9723-C2E5AE81E511}
		{75AC165A-BC97-3A3D-B584-BF8CD65CB7D5} = {75AC165A-BC97-3A3D-B584-BF8CD65CB7D5}
		{6B3887EF-0127-36B8-A915-2F063234BB17} = {6B3887EF-0127-36B8-A915-2F063234BB17}
	EndProjectSection
EndProject
Project("{8BC9CEB8-8B4A-11D0-8D11-00A0C91BC942}") = "OgreTerrain", "Components\Terrain\OgreTerrain.vcxproj", "{C8D71705-C3B9-3A0F-BA01-715A48211A2E}"
	ProjectSection(ProjectDependencies) = postProject
		{7703EAB2-EEB1-3EAB-AA55-836F20F607BC} = {7703EAB2-EEB1-3EAB-AA55-836F20F607BC}
		{D218A8EC-11B6-3DDD-8A0F-28B69BC49566} = {D218A8EC-11B6-3DDD-8A0F-28B69BC49566}
		{EEA110B6-EBB7-3443-AD47-CA628EAC0CB8} = {EEA110B6-EBB7-3443-AD47-CA628EAC0CB8}
		{0418CD2D-F449-3DB6-9723-C2E5AE81E511} = {0418CD2D-F449-3DB6-9723-C2E5AE81E511}
		{75AC165A-BC97-3A3D-B584-BF8CD65CB7D5} = {75AC165A-BC97-3A3D-B584-BF8CD65CB7D5}
		{6B3887EF-0127-36B8-A915-2F063234BB17} = {6B3887EF-0127-36B8-A915-2F063234BB17}
	EndProjectSection
EndProject
Project("{8BC9CEB8-8B4A-11D0-8D11-00A0C91BC942}") = "OgreXMLConverter", "Tools\XMLConverter\OgreXMLConverter.vcxproj", "{70AB2CD0-9F34-3C80-9EB1-4C6854BBED3E}"
	ProjectSection(ProjectDependencies) = postProject
		{7703EAB2-EEB1-3EAB-AA55-836F20F607BC} = {7703EAB2-EEB1-3EAB-AA55-836F20F607BC}
		{D218A8EC-11B6-3DDD-8A0F-28B69BC49566} = {D218A8EC-11B6-3DDD-8A0F-28B69BC49566}
		{0418CD2D-F449-3DB6-9723-C2E5AE81E511} = {0418CD2D-F449-3DB6-9723-C2E5AE81E511}
		{75AC165A-BC97-3A3D-B584-BF8CD65CB7D5} = {75AC165A-BC97-3A3D-B584-BF8CD65CB7D5}
		{6B3887EF-0127-36B8-A915-2F063234BB17} = {6B3887EF-0127-36B8-A915-2F063234BB17}
	EndProjectSection
EndProject
Project("{8BC9CEB8-8B4A-11D0-8D11-00A0C91BC942}") = "Plugin_BSPSceneManager", "PlugIns\BSPSceneManager\Plugin_BSPSceneManager.vcxproj", "{60BC6F80-5558-3D62-8DE3-5DA195AA3906}"
	ProjectSection(ProjectDependencies) = postProject
		{7703EAB2-EEB1-3EAB-AA55-836F20F607BC} = {7703EAB2-EEB1-3EAB-AA55-836F20F607BC}
		{D218A8EC-11B6-3DDD-8A0F-28B69BC49566} = {D218A8EC-11B6-3DDD-8A0F-28B69BC49566}
		{0418CD2D-F449-3DB6-9723-C2E5AE81E511} = {0418CD2D-F449-3DB6-9723-C2E5AE81E511}
		{75AC165A-BC97-3A3D-B584-BF8CD65CB7D5} = {75AC165A-BC97-3A3D-B584-BF8CD65CB7D5}
		{6B3887EF-0127-36B8-A915-2F063234BB17} = {6B3887EF-0127-36B8-A915-2F063234BB17}
	EndProjectSection
EndProject
Project("{8BC9CEB8-8B4A-11D0-8D11-00A0C91BC942}") = "Plugin_CgProgramManager", "PlugIns\CgProgramManager\Plugin_CgProgramManager.vcxproj", "{22622A9E-1660-3C45-9D60-70AAA5C35B32}"
	ProjectSection(ProjectDependencies) = postProject
		{7703EAB2-EEB1-3EAB-AA55-836F20F607BC} = {7703EAB2-EEB1-3EAB-AA55-836F20F607BC}
		{D218A8EC-11B6-3DDD-8A0F-28B69BC49566} = {D218A8EC-11B6-3DDD-8A0F-28B69BC49566}
		{0418CD2D-F449-3DB6-9723-C2E5AE81E511} = {0418CD2D-F449-3DB6-9723-C2E5AE81E511}
		{75AC165A-BC97-3A3D-B584-BF8CD65CB7D5} = {75AC165A-BC97-3A3D-B584-BF8CD65CB7D5}
		{6B3887EF-0127-36B8-A915-2F063234BB17} = {6B3887EF-0127-36B8-A915-2F063234BB17}
	EndProjectSection
EndProject
Project("{8BC9CEB8-8B4A-11D0-8D11-00A0C91BC942}") = "Plugin_OctreeSceneManager", "PlugIns\OctreeSceneManager\Plugin_OctreeSceneManager.vcxproj", "{BF8DBCBD-74D1-36DB-A01A-94E5DAE1ECE1}"
	ProjectSection(ProjectDependencies) = postProject
		{7703EAB2-EEB1-3EAB-AA55-836F20F607BC} = {7703EAB2-EEB1-3EAB-AA55-836F20F607BC}
		{D218A8EC-11B6-3DDD-8A0F-28B69BC49566} = {D218A8EC-11B6-3DDD-8A0F-28B69BC49566}
		{0418CD2D-F449-3DB6-9723-C2E5AE81E511} = {0418CD2D-F449-3DB6-9723-C2E5AE81E511}
		{75AC165A-BC97-3A3D-B584-BF8CD65CB7D5} = {75AC165A-BC97-3A3D-B584-BF8CD65CB7D5}
		{6B3887EF-0127-36B8-A915-2F063234BB17} = {6B3887EF-0127-36B8-A915-2F063234BB17}
	EndProjectSection
EndProject
Project("{8BC9CEB8-8B4A-11D0-8D11-00A0C91BC942}") = "Plugin_OctreeZone", "PlugIns\OctreeZone\Plugin_OctreeZone.vcxproj", "{D6D1837E-50E8-38C9-B4D6-4A45446ACF47}"
	ProjectSection(ProjectDependencies) = postProject
		{7703EAB2-EEB1-3EAB-AA55-836F20F607BC} = {7703EAB2-EEB1-3EAB-AA55-836F20F607BC}
		{D218A8EC-11B6-3DDD-8A0F-28B69BC49566} = {D218A8EC-11B6-3DDD-8A0F-28B69BC49566}
		{5D02BB57-59B6-35C6-B492-652AD2D14EB7} = {5D02BB57-59B6-35C6-B492-652AD2D14EB7}
		{0418CD2D-F449-3DB6-9723-C2E5AE81E511} = {0418CD2D-F449-3DB6-9723-C2E5AE81E511}
		{75AC165A-BC97-3A3D-B584-BF8CD65CB7D5} = {75AC165A-BC97-3A3D-B584-BF8CD65CB7D5}
		{6B3887EF-0127-36B8-A915-2F063234BB17} = {6B3887EF-0127-36B8-A915-2F063234BB17}
	EndProjectSection
EndProject
Project("{8BC9CEB8-8B4A-11D0-8D11-00A0C91BC942}") = "Plugin_PCZSceneManager", "PlugIns\PCZSceneManager\Plugin_PCZSceneManager.vcxproj", "{5D02BB57-59B6-35C6-B492-652AD2D14EB7}"
	ProjectSection(ProjectDependencies) = postProject
		{7703EAB2-EEB1-3EAB-AA55-836F20F607BC} = {7703EAB2-EEB1-3EAB-AA55-836F20F607BC}
		{D218A8EC-11B6-3DDD-8A0F-28B69BC49566} = {D218A8EC-11B6-3DDD-8A0F-28B69BC49566}
		{0418CD2D-F449-3DB6-9723-C2E5AE81E511} = {0418CD2D-F449-3DB6-9723-C2E5AE81E511}
		{75AC165A-BC97-3A3D-B584-BF8CD65CB7D5} = {75AC165A-BC97-3A3D-B584-BF8CD65CB7D5}
		{6B3887EF-0127-36B8-A915-2F063234BB17} = {6B3887EF-0127-36B8-A915-2F063234BB17}
	EndProjectSection
EndProject
Project("{8BC9CEB8-8B4A-11D0-8D11-00A0C91BC942}") = "Plugin_ParticleFX", "PlugIns\ParticleFX\Plugin_ParticleFX.vcxproj", "{9E499257-1A47-3140-8CFB-CEE02042A84E}"
	ProjectSection(ProjectDependencies) = postProject
		{7703EAB2-EEB1-3EAB-AA55-836F20F607BC} = {7703EAB2-EEB1-3EAB-AA55-836F20F607BC}
		{D218A8EC-11B6-3DDD-8A0F-28B69BC49566} = {D218A8EC-11B6-3DDD-8A0F-28B69BC49566}
		{0418CD2D-F449-3DB6-9723-C2E5AE81E511} = {0418CD2D-F449-3DB6-9723-C2E5AE81E511}
		{75AC165A-BC97-3A3D-B584-BF8CD65CB7D5} = {75AC165A-BC97-3A3D-B584-BF8CD65CB7D5}
		{6B3887EF-0127-36B8-A915-2F063234BB17} = {6B3887EF-0127-36B8-A915-2F063234BB17}
	EndProjectSection
EndProject
Project("{8BC9CEB8-8B4A-11D0-8D11-00A0C91BC942}") = "RenderSystem_Direct3D11", "RenderSystems\Direct3D11\RenderSystem_Direct3D11.vcxproj", "{02981451-0FD1-325E-B156-21DE470D62D0}"
	ProjectSection(ProjectDependencies) = postProject
		{7703EAB2-EEB1-3EAB-AA55-836F20F607BC} = {7703EAB2-EEB1-3EAB-AA55-836F20F607BC}
		{D218A8EC-11B6-3DDD-8A0F-28B69BC49566} = {D218A8EC-11B6-3DDD-8A0F-28B69BC49566}
		{0418CD2D-F449-3DB6-9723-C2E5AE81E511} = {0418CD2D-F449-3DB6-9723-C2E5AE81E511}
		{75AC165A-BC97-3A3D-B584-BF8CD65CB7D5} = {75AC165A-BC97-3A3D-B584-BF8CD65CB7D5}
		{6B3887EF-0127-36B8-A915-2F063234BB17} = {6B3887EF-0127-36B8-A915-2F063234BB17}
	EndProjectSection
EndProject
Project("{8BC9CEB8-8B4A-11D0-8D11-00A0C91BC942}") = "RenderSystem_Direct3D9", "RenderSystems\Direct3D9\RenderSystem_Direct3D9.vcxproj", "{863937E3-EFB3-3B29-B7A4-90F6BCAAB2FC}"
	ProjectSection(ProjectDependencies) = postProject
		{7703EAB2-EEB1-3EAB-AA55-836F20F607BC} = {7703EAB2-EEB1-3EAB-AA55-836F20F607BC}
		{D218A8EC-11B6-3DDD-8A0F-28B69BC49566} = {D218A8EC-11B6-3DDD-8A0F-28B69BC49566}
		{0418CD2D-F449-3DB6-9723-C2E5AE81E511} = {0418CD2D-F449-3DB6-9723-C2E5AE81E511}
		{75AC165A-BC97-3A3D-B584-BF8CD65CB7D5} = {75AC165A-BC97-3A3D-B584-BF8CD65CB7D5}
		{6B3887EF-0127-36B8-A915-2F063234BB17} = {6B3887EF-0127-36B8-A915-2F063234BB17}
	EndProjectSection
EndProject
Project("{8BC9CEB8-8B4A-11D0-8D11-00A0C91BC942}") = "RenderSystem_GL", "RenderSystems\GL\RenderSystem_GL.vcxproj", "{99726366-627E-3FDD-992C-877136262F75}"
	ProjectSection(ProjectDependencies) = postProject
		{7703EAB2-EEB1-3EAB-AA55-836F20F607BC} = {7703EAB2-EEB1-3EAB-AA55-836F20F607BC}
		{D218A8EC-11B6-3DDD-8A0F-28B69BC49566} = {D218A8EC-11B6-3DDD-8A0F-28B69BC49566}
		{0418CD2D-F449-3DB6-9723-C2E5AE81E511} = {0418CD2D-F449-3DB6-9723-C2E5AE81E511}
		{75AC165A-BC97-3A3D-B584-BF8CD65CB7D5} = {75AC165A-BC97-3A3D-B584-BF8CD65CB7D5}
		{6B3887EF-0127-36B8-A915-2F063234BB17} = {6B3887EF-0127-36B8-A915-2F063234BB17}
	EndProjectSection
EndProject
Project("{8BC9CEB8-8B4A-11D0-8D11-00A0C91BC942}") = "RenderSystem_GLES", "RenderSystems\GLES\RenderSystem_GLES.vcxproj", "{E862F809-C680-3014-9C02-67654FC5F1F8}"
	ProjectSection(ProjectDependencies) = postProject
		{7703EAB2-EEB1-3EAB-AA55-836F20F607BC} = {7703EAB2-EEB1-3EAB-AA55-836F20F607BC}
		{D218A8EC-11B6-3DDD-8A0F-28B69BC49566} = {D218A8EC-11B6-3DDD-8A0F-28B69BC49566}
		{0418CD2D-F449-3DB6-9723-C2E5AE81E511} = {0418CD2D-F449-3DB6-9723-C2E5AE81E511}
		{75AC165A-BC97-3A3D-B584-BF8CD65CB7D5} = {75AC165A-BC97-3A3D-B584-BF8CD65CB7D5}
		{6B3887EF-0127-36B8-A915-2F063234BB17} = {6B3887EF-0127-36B8-A915-2F063234BB17}
	EndProjectSection
EndProject
Project("{8BC9CEB8-8B4A-11D0-8D11-00A0C91BC942}") = "RenderSystem_GLES2", "RenderSystems\GLES2\RenderSystem_GLES2.vcxproj", "{BB5DCBE0-31E6-34C7-8E42-3B2535149248}"
	ProjectSection(ProjectDependencies) = postProject
		{7703EAB2-EEB1-3EAB-AA55-836F20F607BC} = {7703EAB2-EEB1-3EAB-AA55-836F20F607BC}
		{D218A8EC-11B6-3DDD-8A0F-28B69BC49566} = {D218A8EC-11B6-3DDD-8A0F-28B69BC49566}
		{0418CD2D-F449-3DB6-9723-C2E5AE81E511} = {0418CD2D-F449-3DB6-9723-C2E5AE81E511}
		{75AC165A-BC97-3A3D-B584-BF8CD65CB7D5} = {75AC165A-BC97-3A3D-B584-BF8CD65CB7D5}
		{6B3887EF-0127-36B8-A915-2F063234BB17} = {6B3887EF-0127-36B8-A915-2F063234BB17}
	EndProjectSection
EndProject
Project("{8BC9CEB8-8B4A-11D0-8D11-00A0C91BC942}") = "SampleBrowser", "Samples\Browser\SampleBrowser.vcxproj", "{04BE20C9-C06C-33BF-A48F-ABDEA2608B4C}"
	ProjectSection(ProjectDependencies) = postProject
		{7703EAB2-EEB1-3EAB-AA55-836F20F607BC} = {7703EAB2-EEB1-3EAB-AA55-836F20F607BC}
		{26F11247-E352-31F6-8A00-E4DEAAEC6ECB} = {26F11247-E352-31F6-8A00-E4DEAAEC6ECB}
		{D218A8EC-11B6-3DDD-8A0F-28B69BC49566} = {D218A8EC-11B6-3DDD-8A0F-28B69BC49566}
		{15BCB76A-DD98-35DD-96B1-1E7EEEC741A0} = {15BCB76A-DD98-35DD-96B1-1E7EEEC741A0}
		{C8D71705-C3B9-3A0F-BA01-715A48211A2E} = {C8D71705-C3B9-3A0F-BA01-715A48211A2E}
		{60BC6F80-5558-3D62-8DE3-5DA195AA3906} = {60BC6F80-5558-3D62-8DE3-5DA195AA3906}
		{22622A9E-1660-3C45-9D60-70AAA5C35B32} = {22622A9E-1660-3C45-9D60-70AAA5C35B32}
		{BF8DBCBD-74D1-36DB-A01A-94E5DAE1ECE1} = {BF8DBCBD-74D1-36DB-A01A-94E5DAE1ECE1}
		{D6D1837E-50E8-38C9-B4D6-4A45446ACF47} = {D6D1837E-50E8-38C9-B4D6-4A45446ACF47}
		{5D02BB57-59B6-35C6-B492-652AD2D14EB7} = {5D02BB57-59B6-35C6-B492-652AD2D14EB7}
		{9E499257-1A47-3140-8CFB-CEE02042A84E} = {9E499257-1A47-3140-8CFB-CEE02042A84E}
		{02981451-0FD1-325E-B156-21DE470D62D0} = {02981451-0FD1-325E-B156-21DE470D62D0}
		{863937E3-EFB3-3B29-B7A4-90F6BCAAB2FC} = {863937E3-EFB3-3B29-B7A4-90F6BCAAB2FC}
		{99726366-627E-3FDD-992C-877136262F75} = {99726366-627E-3FDD-992C-877136262F75}
		{E862F809-C680-3014-9C02-67654FC5F1F8} = {E862F809-C680-3014-9C02-67654FC5F1F8}
		{BB5DCBE0-31E6-34C7-8E42-3B2535149248} = {BB5DCBE0-31E6-34C7-8E42-3B2535149248}
		{15DBA0C3-AB52-3A58-8237-1A160A66C71E} = {15DBA0C3-AB52-3A58-8237-1A160A66C71E}
		{FDAE92BD-0D62-3C50-A636-5B244AC84139} = {FDAE92BD-0D62-3C50-A636-5B244AC84139}
		{130DCF4E-69A3-39F3-A2D4-74BA54E9AF82} = {130DCF4E-69A3-39F3-A2D4-74BA54E9AF82}
		{0129F66B-CC49-33AC-BA3B-E30843CBE5B6} = {0129F66B-CC49-33AC-BA3B-E30843CBE5B6}
		{F4EE30DA-986C-3E1C-8500-2B700DA69A2C} = {F4EE30DA-986C-3E1C-8500-2B700DA69A2C}
		{095BC0D2-3EF4-3636-8E4E-7A60EE994C58} = {095BC0D2-3EF4-3636-8E4E-7A60EE994C58}
		{3C9663E5-4057-34D1-A9D1-7357FC45F626} = {3C9663E5-4057-34D1-A9D1-7357FC45F626}
		{39BF1837-3E08-3E3B-BE7A-A587FFAF1DD3} = {39BF1837-3E08-3E3B-BE7A-A587FFAF1DD3}
		{D45F950F-EEF5-3CBD-ADE6-56690B855D68} = {D45F950F-EEF5-3CBD-ADE6-56690B855D68}
		{A17EB92A-5E39-3873-9E74-BA20322F6AB1} = {A17EB92A-5E39-3873-9E74-BA20322F6AB1}
		{1F9231D6-4BC1-33BF-8F92-EDE25861E2B9} = {1F9231D6-4BC1-33BF-8F92-EDE25861E2B9}
		{C3BDF80F-4650-360A-AD6E-484033F08BC5} = {C3BDF80F-4650-360A-AD6E-484033F08BC5}
		{67C9A1FB-E3A4-3B3A-AA7C-176352076BC5} = {67C9A1FB-E3A4-3B3A-AA7C-176352076BC5}
		{021635FD-B19A-36FC-A59E-65DE8D94E049} = {021635FD-B19A-36FC-A59E-65DE8D94E049}
		{6AF9AFD8-5CEB-3C9A-B6AD-5F4E1892D43A} = {6AF9AFD8-5CEB-3C9A-B6AD-5F4E1892D43A}
		{05592B2F-D5FB-3D3D-A618-B891966AF297} = {05592B2F-D5FB-3D3D-A618-B891966AF297}
		{06251024-87DA-3374-8BA0-08118FF1C8CC} = {06251024-87DA-3374-8BA0-08118FF1C8CC}
		{D975B004-7E38-3988-ABB4-1BD56A6D02E9} = {D975B004-7E38-3988-ABB4-1BD56A6D02E9}
		{86F7E017-CF6A-3EAA-BBC9-54E09CAC5979} = {86F7E017-CF6A-3EAA-BBC9-54E09CAC5979}
		{2F584A2C-22E6-3495-AF6D-48C15E3AB6AF} = {2F584A2C-22E6-3495-AF6D-48C15E3AB6AF}
		{CAE7FDE7-7ED9-3BC5-B495-6309FDE341E5} = {CAE7FDE7-7ED9-3BC5-B495-6309FDE341E5}
		{953FBC3A-9FE6-3072-8948-2C111403D8E1} = {953FBC3A-9FE6-3072-8948-2C111403D8E1}
		{AFBE656B-C678-3C04-9BB1-B3A9C89B37E7} = {AFBE656B-C678-3C04-9BB1-B3A9C89B37E7}
		{FFEBB2F2-7D6B-34F0-B2D4-B1534A02415B} = {FFEBB2F2-7D6B-34F0-B2D4-B1534A02415B}
		{CE353FE1-3B12-3BFC-A7CA-770B202470E3} = {CE353FE1-3B12-3BFC-A7CA-770B202470E3}
		{595B9428-0C02-3D27-8A38-FA9B67E9C95F} = {595B9428-0C02-3D27-8A38-FA9B67E9C95F}
		{A198C116-4D28-305B-B85F-EECE953B1B89} = {A198C116-4D28-305B-B85F-EECE953B1B89}
		{87B6B824-AB49-34D7-8641-52BBC607A661} = {87B6B824-AB49-34D7-8641-52BBC607A661}
		{F1DC6BCE-F9C5-372D-8B3B-8D5CCC34B827} = {F1DC6BCE-F9C5-372D-8B3B-8D5CCC34B827}
		{DD8F373A-AFF6-31AF-8250-5BFA2BC625B6} = {DD8F373A-AFF6-31AF-8250-5BFA2BC625B6}
		{63DFDEEA-EB20-38F2-A489-D816EDD47F0F} = {63DFDEEA-EB20-38F2-A489-D816EDD47F0F}
		{ECD7061E-E9AA-3BAF-95BB-81933E167209} = {ECD7061E-E9AA-3BAF-95BB-81933E167209}
		{B0D0FF1E-3D28-3574-AE1C-3E9E37C93D93} = {B0D0FF1E-3D28-3574-AE1C-3E9E37C93D93}
		{3573217A-C877-3DEB-B804-14FDF2E81AD4} = {3573217A-C877-3DEB-B804-14FDF2E81AD4}
		{C75A4962-C7DF-3EDB-B851-26921A7F18ED} = {C75A4962-C7DF-3EDB-B851-26921A7F18ED}
		{A3B22E9D-E3F5-3279-BEC5-39B1FD0A1506} = {A3B22E9D-E3F5-3279-BEC5-39B1FD0A1506}
		{0418CD2D-F449-3DB6-9723-C2E5AE81E511} = {0418CD2D-F449-3DB6-9723-C2E5AE81E511}
		{75AC165A-BC97-3A3D-B584-BF8CD65CB7D5} = {75AC165A-BC97-3A3D-B584-BF8CD65CB7D5}
		{6B3887EF-0127-36B8-A915-2F063234BB17} = {6B3887EF-0127-36B8-A915-2F063234BB17}
	EndProjectSection
EndProject
Project("{8BC9CEB8-8B4A-11D0-8D11-00A0C91BC942}") = "Sample_BSP", "Samples\BSP\Sample_BSP.vcxproj", "{15DBA0C3-AB52-3A58-8237-1A160A66C71E}"
	ProjectSection(ProjectDependencies) = postProject
		{7703EAB2-EEB1-3EAB-AA55-836F20F607BC} = {7703EAB2-EEB1-3EAB-AA55-836F20F607BC}
		{26F11247-E352-31F6-8A00-E4DEAAEC6ECB} = {26F11247-E352-31F6-8A00-E4DEAAEC6ECB}
		{D218A8EC-11B6-3DDD-8A0F-28B69BC49566} = {D218A8EC-11B6-3DDD-8A0F-28B69BC49566}
		{15BCB76A-DD98-35DD-96B1-1E7EEEC741A0} = {15BCB76A-DD98-35DD-96B1-1E7EEEC741A0}
		{0418CD2D-F449-3DB6-9723-C2E5AE81E511} = {0418CD2D-F449-3DB6-9723-C2E5AE81E511}
		{75AC165A-BC97-3A3D-B584-BF8CD65CB7D5} = {75AC165A-BC97-3A3D-B584-BF8CD65CB7D5}
		{6B3887EF-0127-36B8-A915-2F063234BB17} = {6B3887EF-0127-36B8-A915-2F063234BB17}
	EndProjectSection
EndProject
Project("{8BC9CEB8-8B4A-11D0-8D11-00A0C91BC942}") = "Sample_BezierPatch", "Samples\BezierPatch\Sample_BezierPatch.vcxproj", "{FDAE92BD-0D62-3C50-A636-5B244AC84139}"
	ProjectSection(ProjectDependencies) = postProject
		{7703EAB2-EEB1-3EAB-AA55-836F20F607BC} = {7703EAB2-EEB1-3EAB-AA55-836F20F607BC}
		{26F11247-E352-31F6-8A00-E4DEAAEC6ECB} = {26F11247-E352-31F6-8A00-E4DEAAEC6ECB}
		{D218A8EC-11B6-3DDD-8A0F-28B69BC49566} = {D218A8EC-11B6-3DDD-8A0F-28B69BC49566}
		{15BCB76A-DD98-35DD-96B1-1E7EEEC741A0} = {15BCB76A-DD98-35DD-96B1-1E7EEEC741A0}
		{0418CD2D-F449-3DB6-9723-C2E5AE81E511} = {0418CD2D-F449-3DB6-9723-C2E5AE81E511}
		{75AC165A-BC97-3A3D-B584-BF8CD65CB7D5} = {75AC165A-BC97-3A3D-B584-BF8CD65CB7D5}
		{6B3887EF-0127-36B8-A915-2F063234BB17} = {6B3887EF-0127-36B8-A915-2F063234BB17}
	EndProjectSection
EndProject
Project("{8BC9CEB8-8B4A-11D0-8D11-00A0C91BC942}") = "Sample_CameraTrack", "Samples\CameraTrack\Sample_CameraTrack.vcxproj", "{130DCF4E-69A3-39F3-A2D4-74BA54E9AF82}"
	ProjectSection(ProjectDependencies) = postProject
		{7703EAB2-EEB1-3EAB-AA55-836F20F607BC} = {7703EAB2-EEB1-3EAB-AA55-836F20F607BC}
		{26F11247-E352-31F6-8A00-E4DEAAEC6ECB} = {26F11247-E352-31F6-8A00-E4DEAAEC6ECB}
		{D218A8EC-11B6-3DDD-8A0F-28B69BC49566} = {D218A8EC-11B6-3DDD-8A0F-28B69BC49566}
		{15BCB76A-DD98-35DD-96B1-1E7EEEC741A0} = {15BCB76A-DD98-35DD-96B1-1E7EEEC741A0}
		{0418CD2D-F449-3DB6-9723-C2E5AE81E511} = {0418CD2D-F449-3DB6-9723-C2E5AE81E511}
		{75AC165A-BC97-3A3D-B584-BF8CD65CB7D5} = {75AC165A-BC97-3A3D-B584-BF8CD65CB7D5}
		{6B3887EF-0127-36B8-A915-2F063234BB17} = {6B3887EF-0127-36B8-A915-2F063234BB17}
	EndProjectSection
EndProject
Project("{8BC9CEB8-8B4A-11D0-8D11-00A0C91BC942}") = "Sample_CelShading", "Samples\CelShading\Sample_CelShading.vcxproj", "{0129F66B-CC49-33AC-BA3B-E30843CBE5B6}"
	ProjectSection(ProjectDependencies) = postProject
		{7703EAB2-EEB1-3EAB-AA55-836F20F607BC} = {7703EAB2-EEB1-3EAB-AA55-836F20F607BC}
		{26F11247-E352-31F6-8A00-E4DEAAEC6ECB} = {26F11247-E352-31F6-8A00-E4DEAAEC6ECB}
		{D218A8EC-11B6-3DDD-8A0F-28B69BC49566} = {D218A8EC-11B6-3DDD-8A0F-28B69BC49566}
		{15BCB76A-DD98-35DD-96B1-1E7EEEC741A0} = {15BCB76A-DD98-35DD-96B1-1E7EEEC741A0}
		{0418CD2D-F449-3DB6-9723-C2E5AE81E511} = {0418CD2D-F449-3DB6-9723-C2E5AE81E511}
		{75AC165A-BC97-3A3D-B584-BF8CD65CB7D5} = {75AC165A-BC97-3A3D-B584-BF8CD65CB7D5}
		{6B3887EF-0127-36B8-A915-2F063234BB17} = {6B3887EF-0127-36B8-A915-2F063234BB17}
	EndProjectSection
EndProject
Project("{8BC9CEB8-8B4A-11D0-8D11-00A0C91BC942}") = "Sample_Character", "Samples\Character\Sample_Character.vcxproj", "{F4EE30DA-986C-3E1C-8500-2B700DA69A2C}"
	ProjectSection(ProjectDependencies) = postProject
		{7703EAB2-EEB1-3EAB-AA55-836F20F607BC} = {7703EAB2-EEB1-3EAB-AA55-836F20F607BC}
		{26F11247-E352-31F6-8A00-E4DEAAEC6ECB} = {26F11247-E352-31F6-8A00-E4DEAAEC6ECB}
		{D218A8EC-11B6-3DDD-8A0F-28B69BC49566} = {D218A8EC-11B6-3DDD-8A0F-28B69BC49566}
		{15BCB76A-DD98-35DD-96B1-1E7EEEC741A0} = {15BCB76A-DD98-35DD-96B1-1E7EEEC741A0}
		{0418CD2D-F449-3DB6-9723-C2E5AE81E511} = {0418CD2D-F449-3DB6-9723-C2E5AE81E511}
		{75AC165A-BC97-3A3D-B584-BF8CD65CB7D5} = {75AC165A-BC97-3A3D-B584-BF8CD65CB7D5}
		{6B3887EF-0127-36B8-A915-2F063234BB17} = {6B3887EF-0127-36B8-A915-2F063234BB17}
	EndProjectSection
EndProject
Project("{8BC9CEB8-8B4A-11D0-8D11-00A0C91BC942}") = "Sample_Compositor", "Samples\Compositor\Sample_Compositor.vcxproj", "{095BC0D2-3EF4-3636-8E4E-7A60EE994C58}"
	ProjectSection(ProjectDependencies) = postProject
		{7703EAB2-EEB1-3EAB-AA55-836F20F607BC} = {7703EAB2-EEB1-3EAB-AA55-836F20F607BC}
		{26F11247-E352-31F6-8A00-E4DEAAEC6ECB} = {26F11247-E352-31F6-8A00-E4DEAAEC6ECB}
		{D218A8EC-11B6-3DDD-8A0F-28B69BC49566} = {D218A8EC-11B6-3DDD-8A0F-28B69BC49566}
		{15BCB76A-DD98-35DD-96B1-1E7EEEC741A0} = {15BCB76A-DD98-35DD-96B1-1E7EEEC741A0}
		{0418CD2D-F449-3DB6-9723-C2E5AE81E511} = {0418CD2D-F449-3DB6-9723-C2E5AE81E511}
		{75AC165A-BC97-3A3D-B584-BF8CD65CB7D5} = {75AC165A-BC97-3A3D-B584-BF8CD65CB7D5}
		{6B3887EF-0127-36B8-A915-2F063234BB17} = {6B3887EF-0127-36B8-A915-2F063234BB17}
	EndProjectSection
EndProject
Project("{8BC9CEB8-8B4A-11D0-8D11-00A0C91BC942}") = "Sample_CubeMapping", "Samples\CubeMapping\Sample_CubeMapping.vcxproj", "{3C9663E5-4057-34D1-A9D1-7357FC45F626}"
	ProjectSection(ProjectDependencies) = postProject
		{7703EAB2-EEB1-3EAB-AA55-836F20F607BC} = {7703EAB2-EEB1-3EAB-AA55-836F20F607BC}
		{26F11247-E352-31F6-8A00-E4DEAAEC6ECB} = {26F11247-E352-31F6-8A00-E4DEAAEC6ECB}
		{D218A8EC-11B6-3DDD-8A0F-28B69BC49566} = {D218A8EC-11B6-3DDD-8A0F-28B69BC49566}
		{15BCB76A-DD98-35DD-96B1-1E7EEEC741A0} = {15BCB76A-DD98-35DD-96B1-1E7EEEC741A0}
		{0418CD2D-F449-3DB6-9723-C2E5AE81E511} = {0418CD2D-F449-3DB6-9723-C2E5AE81E511}
		{75AC165A-BC97-3A3D-B584-BF8CD65CB7D5} = {75AC165A-BC97-3A3D-B584-BF8CD65CB7D5}
		{6B3887EF-0127-36B8-A915-2F063234BB17} = {6B3887EF-0127-36B8-A915-2F063234BB17}
	EndProjectSection
EndProject
Project("{8BC9CEB8-8B4A-11D0-8D11-00A0C91BC942}") = "Sample_DeferredShading", "Samples\DeferredShading\Sample_DeferredShading.vcxproj", "{39BF1837-3E08-3E3B-BE7A-A587FFAF1DD3}"
	ProjectSection(ProjectDependencies) = postProject
		{7703EAB2-EEB1-3EAB-AA55-836F20F607BC} = {7703EAB2-EEB1-3EAB-AA55-836F20F607BC}
		{26F11247-E352-31F6-8A00-E4DEAAEC6ECB} = {26F11247-E352-31F6-8A00-E4DEAAEC6ECB}
		{D218A8EC-11B6-3DDD-8A0F-28B69BC49566} = {D218A8EC-11B6-3DDD-8A0F-28B69BC49566}
		{15BCB76A-DD98-35DD-96B1-1E7EEEC741A0} = {15BCB76A-DD98-35DD-96B1-1E7EEEC741A0}
		{0418CD2D-F449-3DB6-9723-C2E5AE81E511} = {0418CD2D-F449-3DB6-9723-C2E5AE81E511}
		{75AC165A-BC97-3A3D-B584-BF8CD65CB7D5} = {75AC165A-BC97-3A3D-B584-BF8CD65CB7D5}
		{6B3887EF-0127-36B8-A915-2F063234BB17} = {6B3887EF-0127-36B8-A915-2F063234BB17}
	EndProjectSection
EndProject
Project("{8BC9CEB8-8B4A-11D0-8D11-00A0C91BC942}") = "Sample_Dot3Bump", "Samples\Dot3Bump\Sample_Dot3Bump.vcxproj", "{D45F950F-EEF5-3CBD-ADE6-56690B855D68}"
	ProjectSection(ProjectDependencies) = postProject
		{7703EAB2-EEB1-3EAB-AA55-836F20F607BC} = {7703EAB2-EEB1-3EAB-AA55-836F20F607BC}
		{26F11247-E352-31F6-8A00-E4DEAAEC6ECB} = {26F11247-E352-31F6-8A00-E4DEAAEC6ECB}
		{D218A8EC-11B6-3DDD-8A0F-28B69BC49566} = {D218A8EC-11B6-3DDD-8A0F-28B69BC49566}
		{15BCB76A-DD98-35DD-96B1-1E7EEEC741A0} = {15BCB76A-DD98-35DD-96B1-1E7EEEC741A0}
		{0418CD2D-F449-3DB6-9723-C2E5AE81E511} = {0418CD2D-F449-3DB6-9723-C2E5AE81E511}
		{75AC165A-BC97-3A3D-B584-BF8CD65CB7D5} = {75AC165A-BC97-3A3D-B584-BF8CD65CB7D5}
		{6B3887EF-0127-36B8-A915-2F063234BB17} = {6B3887EF-0127-36B8-A915-2F063234BB17}
	EndProjectSection
EndProject
Project("{8BC9CEB8-8B4A-11D0-8D11-00A0C91BC942}") = "Sample_DualQuaternion", "Samples\DualQuaternion\Sample_DualQuaternion.vcxproj", "{A17EB92A-5E39-3873-9E74-BA20322F6AB1}"
	ProjectSection(ProjectDependencies) = postProject
		{7703EAB2-EEB1-3EAB-AA55-836F20F607BC} = {7703EAB2-EEB1-3EAB-AA55-836F20F607BC}
		{26F11247-E352-31F6-8A00-E4DEAAEC6ECB} = {26F11247-E352-31F6-8A00-E4DEAAEC6ECB}
		{D218A8EC-11B6-3DDD-8A0F-28B69BC49566} = {D218A8EC-11B6-3DDD-8A0F-28B69BC49566}
		{15BCB76A-DD98-35DD-96B1-1E7EEEC741A0} = {15BCB76A-DD98-35DD-96B1-1E7EEEC741A0}
		{0418CD2D-F449-3DB6-9723-C2E5AE81E511} = {0418CD2D-F449-3DB6-9723-C2E5AE81E511}
		{75AC165A-BC97-3A3D-B584-BF8CD65CB7D5} = {75AC165A-BC97-3A3D-B584-BF8CD65CB7D5}
		{6B3887EF-0127-36B8-A915-2F063234BB17} = {6B3887EF-0127-36B8-A915-2F063234BB17}
	EndProjectSection
EndProject
Project("{8BC9CEB8-8B4A-11D0-8D11-00A0C91BC942}") = "Sample_DynTex", "Samples\DynTex\Sample_DynTex.vcxproj", "{1F9231D6-4BC1-33BF-8F92-EDE25861E2B9}"
	ProjectSection(ProjectDependencies) = postProject
		{7703EAB2-EEB1-3EAB-AA55-836F20F607BC} = {7703EAB2-EEB1-3EAB-AA55-836F20F607BC}
		{26F11247-E352-31F6-8A00-E4DEAAEC6ECB} = {26F11247-E352-31F6-8A00-E4DEAAEC6ECB}
		{D218A8EC-11B6-3DDD-8A0F-28B69BC49566} = {D218A8EC-11B6-3DDD-8A0F-28B69BC49566}
		{15BCB76A-DD98-35DD-96B1-1E7EEEC741A0} = {15BCB76A-DD98-35DD-96B1-1E7EEEC741A0}
		{0418CD2D-F449-3DB6-9723-C2E5AE81E511} = {0418CD2D-F449-3DB6-9723-C2E5AE81E511}
		{75AC165A-BC97-3A3D-B584-BF8CD65CB7D5} = {75AC165A-BC97-3A3D-B584-BF8CD65CB7D5}
		{6B3887EF-0127-36B8-A915-2F063234BB17} = {6B3887EF-0127-36B8-A915-2F063234BB17}
	EndProjectSection
EndProject
Project("{8BC9CEB8-8B4A-11D0-8D11-00A0C91BC942}") = "Sample_FacialAnimation", "Samples\FacialAnimation\Sample_FacialAnimation.vcxproj", "{C3BDF80F-4650-360A-AD6E-484033F08BC5}"
	ProjectSection(ProjectDependencies) = postProject
		{7703EAB2-EEB1-3EAB-AA55-836F20F607BC} = {7703EAB2-EEB1-3EAB-AA55-836F20F607BC}
		{26F11247-E352-31F6-8A00-E4DEAAEC6ECB} = {26F11247-E352-31F6-8A00-E4DEAAEC6ECB}
		{D218A8EC-11B6-3DDD-8A0F-28B69BC49566} = {D218A8EC-11B6-3DDD-8A0F-28B69BC49566}
		{15BCB76A-DD98-35DD-96B1-1E7EEEC741A0} = {15BCB76A-DD98-35DD-96B1-1E7EEEC741A0}
		{0418CD2D-F449-3DB6-9723-C2E5AE81E511} = {0418CD2D-F449-3DB6-9723-C2E5AE81E511}
		{75AC165A-BC97-3A3D-B584-BF8CD65CB7D5} = {75AC165A-BC97-3A3D-B584-BF8CD65CB7D5}
		{6B3887EF-0127-36B8-A915-2F063234BB17} = {6B3887EF-0127-36B8-A915-2F063234BB17}
	EndProjectSection
EndProject
Project("{8BC9CEB8-8B4A-11D0-8D11-00A0C91BC942}") = "Sample_Fresnel", "Samples\Fresnel\Sample_Fresnel.vcxproj", "{67C9A1FB-E3A4-3B3A-AA7C-176352076BC5}"
	ProjectSection(ProjectDependencies) = postProject
		{7703EAB2-EEB1-3EAB-AA55-836F20F607BC} = {7703EAB2-EEB1-3EAB-AA55-836F20F607BC}
		{26F11247-E352-31F6-8A00-E4DEAAEC6ECB} = {26F11247-E352-31F6-8A00-E4DEAAEC6ECB}
		{D218A8EC-11B6-3DDD-8A0F-28B69BC49566} = {D218A8EC-11B6-3DDD-8A0F-28B69BC49566}
		{15BCB76A-DD98-35DD-96B1-1E7EEEC741A0} = {15BCB76A-DD98-35DD-96B1-1E7EEEC741A0}
		{0418CD2D-F449-3DB6-9723-C2E5AE81E511} = {0418CD2D-F449-3DB6-9723-C2E5AE81E511}
		{75AC165A-BC97-3A3D-B584-BF8CD65CB7D5} = {75AC165A-BC97-3A3D-B584-BF8CD65CB7D5}
		{6B3887EF-0127-36B8-A915-2F063234BB17} = {6B3887EF-0127-36B8-A915-2F063234BB17}
	EndProjectSection
EndProject
Project("{8BC9CEB8-8B4A-11D0-8D11-00A0C91BC942}") = "Sample_Grass", "Samples\Grass\Sample_Grass.vcxproj", "{021635FD-B19A-36FC-A59E-65DE8D94E049}"
	ProjectSection(ProjectDependencies) = postProject
		{7703EAB2-EEB1-3EAB-AA55-836F20F607BC} = {7703EAB2-EEB1-3EAB-AA55-836F20F607BC}
		{26F11247-E352-31F6-8A00-E4DEAAEC6ECB} = {26F11247-E352-31F6-8A00-E4DEAAEC6ECB}
		{D218A8EC-11B6-3DDD-8A0F-28B69BC49566} = {D218A8EC-11B6-3DDD-8A0F-28B69BC49566}
		{15BCB76A-DD98-35DD-96B1-1E7EEEC741A0} = {15BCB76A-DD98-35DD-96B1-1E7EEEC741A0}
		{0418CD2D-F449-3DB6-9723-C2E5AE81E511} = {0418CD2D-F449-3DB6-9723-C2E5AE81E511}
		{75AC165A-BC97-3A3D-B584-BF8CD65CB7D5} = {75AC165A-BC97-3A3D-B584-BF8CD65CB7D5}
		{6B3887EF-0127-36B8-A915-2F063234BB17} = {6B3887EF-0127-36B8-A915-2F063234BB17}
	EndProjectSection
EndProject
Project("{8BC9CEB8-8B4A-11D0-8D11-00A0C91BC942}") = "Sample_Instancing", "Samples\Instancing\Sample_Instancing.vcxproj", "{6AF9AFD8-5CEB-3C9A-B6AD-5F4E1892D43A}"
	ProjectSection(ProjectDependencies) = postProject
		{7703EAB2-EEB1-3EAB-AA55-836F20F607BC} = {7703EAB2-EEB1-3EAB-AA55-836F20F607BC}
		{26F11247-E352-31F6-8A00-E4DEAAEC6ECB} = {26F11247-E352-31F6-8A00-E4DEAAEC6ECB}
		{D218A8EC-11B6-3DDD-8A0F-28B69BC49566} = {D218A8EC-11B6-3DDD-8A0F-28B69BC49566}
		{15BCB76A-DD98-35DD-96B1-1E7EEEC741A0} = {15BCB76A-DD98-35DD-96B1-1E7EEEC741A0}
		{0418CD2D-F449-3DB6-9723-C2E5AE81E511} = {0418CD2D-F449-3DB6-9723-C2E5AE81E511}
		{75AC165A-BC97-3A3D-B584-BF8CD65CB7D5} = {75AC165A-BC97-3A3D-B584-BF8CD65CB7D5}
		{6B3887EF-0127-36B8-A915-2F063234BB17} = {6B3887EF-0127-36B8-A915-2F063234BB17}
	EndProjectSection
EndProject
Project("{8BC9CEB8-8B4A-11D0-8D11-00A0C91BC942}") = "Sample_Isosurf", "Samples\Isosurf\Sample_Isosurf.vcxproj", "{05592B2F-D5FB-3D3D-A618-B891966AF297}"
	ProjectSection(ProjectDependencies) = postProject
		{7703EAB2-EEB1-3EAB-AA55-836F20F607BC} = {7703EAB2-EEB1-3EAB-AA55-836F20F607BC}
		{26F11247-E352-31F6-8A00-E4DEAAEC6ECB} = {26F11247-E352-31F6-8A00-E4DEAAEC6ECB}
		{D218A8EC-11B6-3DDD-8A0F-28B69BC49566} = {D218A8EC-11B6-3DDD-8A0F-28B69BC49566}
		{15BCB76A-DD98-35DD-96B1-1E7EEEC741A0} = {15BCB76A-DD98-35DD-96B1-1E7EEEC741A0}
		{0418CD2D-F449-3DB6-9723-C2E5AE81E511} = {0418CD2D-F449-3DB6-9723-C2E5AE81E511}
		{75AC165A-BC97-3A3D-B584-BF8CD65CB7D5} = {75AC165A-BC97-3A3D-B584-BF8CD65CB7D5}
		{6B3887EF-0127-36B8-A915-2F063234BB17} = {6B3887EF-0127-36B8-A915-2F063234BB17}
	EndProjectSection
EndProject
Project("{8BC9CEB8-8B4A-11D0-8D11-00A0C91BC942}") = "Sample_Lighting", "Samples\Lighting\Sample_Lighting.vcxproj", "{06251024-87DA-3374-8BA0-08118FF1C8CC}"
	ProjectSection(ProjectDependencies) = postProject
		{7703EAB2-EEB1-3EAB-AA55-836F20F607BC} = {7703EAB2-EEB1-3EAB-AA55-836F20F607BC}
		{26F11247-E352-31F6-8A00-E4DEAAEC6ECB} = {26F11247-E352-31F6-8A00-E4DEAAEC6ECB}
		{D218A8EC-11B6-3DDD-8A0F-28B69BC49566} = {D218A8EC-11B6-3DDD-8A0F-28B69BC49566}
		{15BCB76A-DD98-35DD-96B1-1E7EEEC741A0} = {15BCB76A-DD98-35DD-96B1-1E7EEEC741A0}
		{0418CD2D-F449-3DB6-9723-C2E5AE81E511} = {0418CD2D-F449-3DB6-9723-C2E5AE81E511}
		{75AC165A-BC97-3A3D-B584-BF8CD65CB7D5} = {75AC165A-BC97-3A3D-B584-BF8CD65CB7D5}
		{6B3887EF-0127-36B8-A915-2F063234BB17} = {6B3887EF-0127-36B8-A915-2F063234BB17}
	EndProjectSection
EndProject
Project("{8BC9CEB8-8B4A-11D0-8D11-00A0C91BC942}") = "Sample_NewInstancing", "Samples\NewInstancing\Sample_NewInstancing.vcxproj", "{D975B004-7E38-3988-ABB4-1BD56A6D02E9}"
	ProjectSection(ProjectDependencies) = postProject
		{7703EAB2-EEB1-3EAB-AA55-836F20F607BC} = {7703EAB2-EEB1-3EAB-AA55-836F20F607BC}
		{26F11247-E352-31F6-8A00-E4DEAAEC6ECB} = {26F11247-E352-31F6-8A00-E4DEAAEC6ECB}
		{D218A8EC-11B6-3DDD-8A0F-28B69BC49566} = {D218A8EC-11B6-3DDD-8A0F-28B69BC49566}
		{15BCB76A-DD98-35DD-96B1-1E7EEEC741A0} = {15BCB76A-DD98-35DD-96B1-1E7EEEC741A0}
		{0418CD2D-F449-3DB6-9723-C2E5AE81E511} = {0418CD2D-F449-3DB6-9723-C2E5AE81E511}
		{75AC165A-BC97-3A3D-B584-BF8CD65CB7D5} = {75AC165A-BC97-3A3D-B584-BF8CD65CB7D5}
		{6B3887EF-0127-36B8-A915-2F063234BB17} = {6B3887EF-0127-36B8-A915-2F063234BB17}
	EndProjectSection
EndProject
Project("{8BC9CEB8-8B4A-11D0-8D11-00A0C91BC942}") = "Sample_Ocean", "Samples\OceanDemo\Sample_Ocean.vcxproj", "{86F7E017-CF6A-3EAA-BBC9-54E09CAC5979}"
	ProjectSection(ProjectDependencies) = postProject
		{7703EAB2-EEB1-3EAB-AA55-836F20F607BC} = {7703EAB2-EEB1-3EAB-AA55-836F20F607BC}
		{26F11247-E352-31F6-8A00-E4DEAAEC6ECB} = {26F11247-E352-31F6-8A00-E4DEAAEC6ECB}
		{D218A8EC-11B6-3DDD-8A0F-28B69BC49566} = {D218A8EC-11B6-3DDD-8A0F-28B69BC49566}
		{15BCB76A-DD98-35DD-96B1-1E7EEEC741A0} = {15BCB76A-DD98-35DD-96B1-1E7EEEC741A0}
		{0418CD2D-F449-3DB6-9723-C2E5AE81E511} = {0418CD2D-F449-3DB6-9723-C2E5AE81E511}
		{75AC165A-BC97-3A3D-B584-BF8CD65CB7D5} = {75AC165A-BC97-3A3D-B584-BF8CD65CB7D5}
		{6B3887EF-0127-36B8-A915-2F063234BB17} = {6B3887EF-0127-36B8-A915-2F063234BB17}
	EndProjectSection
EndProject
Project("{8BC9CEB8-8B4A-11D0-8D11-00A0C91BC942}") = "Sample_ParticleFX", "Samples\ParticleFX\Sample_ParticleFX.vcxproj", "{2F584A2C-22E6-3495-AF6D-48C15E3AB6AF}"
	ProjectSection(ProjectDependencies) = postProject
		{7703EAB2-EEB1-3EAB-AA55-836F20F607BC} = {7703EAB2-EEB1-3EAB-AA55-836F20F607BC}
		{26F11247-E352-31F6-8A00-E4DEAAEC6ECB} = {26F11247-E352-31F6-8A00-E4DEAAEC6ECB}
		{D218A8EC-11B6-3DDD-8A0F-28B69BC49566} = {D218A8EC-11B6-3DDD-8A0F-28B69BC49566}
		{15BCB76A-DD98-35DD-96B1-1E7EEEC741A0} = {15BCB76A-DD98-35DD-96B1-1E7EEEC741A0}
		{0418CD2D-F449-3DB6-9723-C2E5AE81E511} = {0418CD2D-F449-3DB6-9723-C2E5AE81E511}
		{75AC165A-BC97-3A3D-B584-BF8CD65CB7D5} = {75AC165A-BC97-3A3D-B584-BF8CD65CB7D5}
		{6B3887EF-0127-36B8-A915-2F063234BB17} = {6B3887EF-0127-36B8-A915-2F063234BB17}
	EndProjectSection
EndProject
Project("{8BC9CEB8-8B4A-11D0-8D11-00A0C91BC942}") = "Sample_ParticleGS", "Samples\ParticleGS\Sample_ParticleGS.vcxproj", "{CAE7FDE7-7ED9-3BC5-B495-6309FDE341E5}"
	ProjectSection(ProjectDependencies) = postProject
		{7703EAB2-EEB1-3EAB-AA55-836F20F607BC} = {7703EAB2-EEB1-3EAB-AA55-836F20F607BC}
		{26F11247-E352-31F6-8A00-E4DEAAEC6ECB} = {26F11247-E352-31F6-8A00-E4DEAAEC6ECB}
		{D218A8EC-11B6-3DDD-8A0F-28B69BC49566} = {D218A8EC-11B6-3DDD-8A0F-28B69BC49566}
		{15BCB76A-DD98-35DD-96B1-1E7EEEC741A0} = {15BCB76A-DD98-35DD-96B1-1E7EEEC741A0}
		{0418CD2D-F449-3DB6-9723-C2E5AE81E511} = {0418CD2D-F449-3DB6-9723-C2E5AE81E511}
		{75AC165A-BC97-3A3D-B584-BF8CD65CB7D5} = {75AC165A-BC97-3A3D-B584-BF8CD65CB7D5}
		{6B3887EF-0127-36B8-A915-2F063234BB17} = {6B3887EF-0127-36B8-A915-2F063234BB17}
	EndProjectSection
EndProject
Project("{8BC9CEB8-8B4A-11D0-8D11-00A0C91BC942}") = "Sample_SSAO", "Samples\SSAO\Sample_SSAO.vcxproj", "{953FBC3A-9FE6-3072-8948-2C111403D8E1}"
	ProjectSection(ProjectDependencies) = postProject
		{7703EAB2-EEB1-3EAB-AA55-836F20F607BC} = {7703EAB2-EEB1-3EAB-AA55-836F20F607BC}
		{26F11247-E352-31F6-8A00-E4DEAAEC6ECB} = {26F11247-E352-31F6-8A00-E4DEAAEC6ECB}
		{D218A8EC-11B6-3DDD-8A0F-28B69BC49566} = {D218A8EC-11B6-3DDD-8A0F-28B69BC49566}
		{15BCB76A-DD98-35DD-96B1-1E7EEEC741A0} = {15BCB76A-DD98-35DD-96B1-1E7EEEC741A0}
		{0418CD2D-F449-3DB6-9723-C2E5AE81E511} = {0418CD2D-F449-3DB6-9723-C2E5AE81E511}
		{75AC165A-BC97-3A3D-B584-BF8CD65CB7D5} = {75AC165A-BC97-3A3D-B584-BF8CD65CB7D5}
		{6B3887EF-0127-36B8-A915-2F063234BB17} = {6B3887EF-0127-36B8-A915-2F063234BB17}
	EndProjectSection
EndProject
Project("{8BC9CEB8-8B4A-11D0-8D11-00A0C91BC942}") = "Sample_ShaderSystem", "Samples\ShaderSystem\Sample_ShaderSystem.vcxproj", "{AFBE656B-C678-3C04-9BB1-B3A9C89B37E7}"
	ProjectSection(ProjectDependencies) = postProject
		{7703EAB2-EEB1-3EAB-AA55-836F20F607BC} = {7703EAB2-EEB1-3EAB-AA55-836F20F607BC}
		{26F11247-E352-31F6-8A00-E4DEAAEC6ECB} = {26F11247-E352-31F6-8A00-E4DEAAEC6ECB}
		{D218A8EC-11B6-3DDD-8A0F-28B69BC49566} = {D218A8EC-11B6-3DDD-8A0F-28B69BC49566}
		{15BCB76A-DD98-35DD-96B1-1E7EEEC741A0} = {15BCB76A-DD98-35DD-96B1-1E7EEEC741A0}
		{0418CD2D-F449-3DB6-9723-C2E5AE81E511} = {0418CD2D-F449-3DB6-9723-C2E5AE81E511}
		{75AC165A-BC97-3A3D-B584-BF8CD65CB7D5} = {75AC165A-BC97-3A3D-B584-BF8CD65CB7D5}
		{6B3887EF-0127-36B8-A915-2F063234BB17} = {6B3887EF-0127-36B8-A915-2F063234BB17}
	EndProjectSection
EndProject
Project("{8BC9CEB8-8B4A-11D0-8D11-00A0C91BC942}") = "Sample_Shadows", "Samples\Shadows\Sample_Shadows.vcxproj", "{FFEBB2F2-7D6B-34F0-B2D4-B1534A02415B}"
	ProjectSection(ProjectDependencies) = postProject
		{7703EAB2-EEB1-3EAB-AA55-836F20F607BC} = {7703EAB2-EEB1-3EAB-AA55-836F20F607BC}
		{26F11247-E352-31F6-8A00-E4DEAAEC6ECB} = {26F11247-E352-31F6-8A00-E4DEAAEC6ECB}
		{D218A8EC-11B6-3DDD-8A0F-28B69BC49566} = {D218A8EC-11B6-3DDD-8A0F-28B69BC49566}
		{15BCB76A-DD98-35DD-96B1-1E7EEEC741A0} = {15BCB76A-DD98-35DD-96B1-1E7EEEC741A0}
		{0418CD2D-F449-3DB6-9723-C2E5AE81E511} = {0418CD2D-F449-3DB6-9723-C2E5AE81E511}
		{75AC165A-BC97-3A3D-B584-BF8CD65CB7D5} = {75AC165A-BC97-3A3D-B584-BF8CD65CB7D5}
		{6B3887EF-0127-36B8-A915-2F063234BB17} = {6B3887EF-0127-36B8-A915-2F063234BB17}
	EndProjectSection
EndProject
Project("{8BC9CEB8-8B4A-11D0-8D11-00A0C91BC942}") = "Sample_SkeletalAnimation", "Samples\SkeletalAnimation\Sample_SkeletalAnimation.vcxproj", "{CE353FE1-3B12-3BFC-A7CA-770B202470E3}"
	ProjectSection(ProjectDependencies) = postProject
		{7703EAB2-EEB1-3EAB-AA55-836F20F607BC} = {7703EAB2-EEB1-3EAB-AA55-836F20F607BC}
		{26F11247-E352-31F6-8A00-E4DEAAEC6ECB} = {26F11247-E352-31F6-8A00-E4DEAAEC6ECB}
		{D218A8EC-11B6-3DDD-8A0F-28B69BC49566} = {D218A8EC-11B6-3DDD-8A0F-28B69BC49566}
		{15BCB76A-DD98-35DD-96B1-1E7EEEC741A0} = {15BCB76A-DD98-35DD-96B1-1E7EEEC741A0}
		{0418CD2D-F449-3DB6-9723-C2E5AE81E511} = {0418CD2D-F449-3DB6-9723-C2E5AE81E511}
		{75AC165A-BC97-3A3D-B584-BF8CD65CB7D5} = {75AC165A-BC97-3A3D-B584-BF8CD65CB7D5}
		{6B3887EF-0127-36B8-A915-2F063234BB17} = {6B3887EF-0127-36B8-A915-2F063234BB17}
	EndProjectSection
EndProject
Project("{8BC9CEB8-8B4A-11D0-8D11-00A0C91BC942}") = "Sample_SkyBox", "Samples\SkyBox\Sample_SkyBox.vcxproj", "{595B9428-0C02-3D27-8A38-FA9B67E9C95F}"
	ProjectSection(ProjectDependencies) = postProject
		{7703EAB2-EEB1-3EAB-AA55-836F20F607BC} = {7703EAB2-EEB1-3EAB-AA55-836F20F607BC}
		{26F11247-E352-31F6-8A00-E4DEAAEC6ECB} = {26F11247-E352-31F6-8A00-E4DEAAEC6ECB}
		{D218A8EC-11B6-3DDD-8A0F-28B69BC49566} = {D218A8EC-11B6-3DDD-8A0F-28B69BC49566}
		{15BCB76A-DD98-35DD-96B1-1E7EEEC741A0} = {15BCB76A-DD98-35DD-96B1-1E7EEEC741A0}
		{0418CD2D-F449-3DB6-9723-C2E5AE81E511} = {0418CD2D-F449-3DB6-9723-C2E5AE81E511}
		{75AC165A-BC97-3A3D-B584-BF8CD65CB7D5} = {75AC165A-BC97-3A3D-B584-BF8CD65CB7D5}
		{6B3887EF-0127-36B8-A915-2F063234BB17} = {6B3887EF-0127-36B8-A915-2F063234BB17}
	EndProjectSection
EndProject
Project("{8BC9CEB8-8B4A-11D0-8D11-00A0C91BC942}") = "Sample_SkyDome", "Samples\SkyDome\Sample_SkyDome.vcxproj", "{A198C116-4D28-305B-B85F-EECE953B1B89}"
	ProjectSection(ProjectDependencies) = postProject
		{7703EAB2-EEB1-3EAB-AA55-836F20F607BC} = {7703EAB2-EEB1-3EAB-AA55-836F20F607BC}
		{26F11247-E352-31F6-8A00-E4DEAAEC6ECB} = {26F11247-E352-31F6-8A00-E4DEAAEC6ECB}
		{D218A8EC-11B6-3DDD-8A0F-28B69BC49566} = {D218A8EC-11B6-3DDD-8A0F-28B69BC49566}
		{15BCB76A-DD98-35DD-96B1-1E7EEEC741A0} = {15BCB76A-DD98-35DD-96B1-1E7EEEC741A0}
		{0418CD2D-F449-3DB6-9723-C2E5AE81E511} = {0418CD2D-F449-3DB6-9723-C2E5AE81E511}
		{75AC165A-BC97-3A3D-B584-BF8CD65CB7D5} = {75AC165A-BC97-3A3D-B584-BF8CD65CB7D5}
		{6B3887EF-0127-36B8-A915-2F063234BB17} = {6B3887EF-0127-36B8-A915-2F063234BB17}
	EndProjectSection
EndProject
Project("{8BC9CEB8-8B4A-11D0-8D11-00A0C91BC942}") = "Sample_SkyPlane", "Samples\SkyPlane\Sample_SkyPlane.vcxproj", "{87B6B824-AB49-34D7-8641-52BBC607A661}"
	ProjectSection(ProjectDependencies) = postProject
		{7703EAB2-EEB1-3EAB-AA55-836F20F607BC} = {7703EAB2-EEB1-3EAB-AA55-836F20F607BC}
		{26F11247-E352-31F6-8A00-E4DEAAEC6ECB} = {26F11247-E352-31F6-8A00-E4DEAAEC6ECB}
		{D218A8EC-11B6-3DDD-8A0F-28B69BC49566} = {D218A8EC-11B6-3DDD-8A0F-28B69BC49566}
		{15BCB76A-DD98-35DD-96B1-1E7EEEC741A0} = {15BCB76A-DD98-35DD-96B1-1E7EEEC741A0}
		{0418CD2D-F449-3DB6-9723-C2E5AE81E511} = {0418CD2D-F449-3DB6-9723-C2E5AE81E511}
		{75AC165A-BC97-3A3D-B584-BF8CD65CB7D5} = {75AC165A-BC97-3A3D-B584-BF8CD65CB7D5}
		{6B3887EF-0127-36B8-A915-2F063234BB17} = {6B3887EF-0127-36B8-A915-2F063234BB17}
	EndProjectSection
EndProject
Project("{8BC9CEB8-8B4A-11D0-8D11-00A0C91BC942}") = "Sample_Smoke", "Samples\Smoke\Sample_Smoke.vcxproj", "{F1DC6BCE-F9C5-372D-8B3B-8D5CCC34B827}"
	ProjectSection(ProjectDependencies) = postProject
		{7703EAB2-EEB1-3EAB-AA55-836F20F607BC} = {7703EAB2-EEB1-3EAB-AA55-836F20F607BC}
		{26F11247-E352-31F6-8A00-E4DEAAEC6ECB} = {26F11247-E352-31F6-8A00-E4DEAAEC6ECB}
		{D218A8EC-11B6-3DDD-8A0F-28B69BC49566} = {D218A8EC-11B6-3DDD-8A0F-28B69BC49566}
		{15BCB76A-DD98-35DD-96B1-1E7EEEC741A0} = {15BCB76A-DD98-35DD-96B1-1E7EEEC741A0}
		{0418CD2D-F449-3DB6-9723-C2E5AE81E511} = {0418CD2D-F449-3DB6-9723-C2E5AE81E511}
		{75AC165A-BC97-3A3D-B584-BF8CD65CB7D5} = {75AC165A-BC97-3A3D-B584-BF8CD65CB7D5}
		{6B3887EF-0127-36B8-A915-2F063234BB17} = {6B3887EF-0127-36B8-A915-2F063234BB17}
	EndProjectSection
EndProject
Project("{8BC9CEB8-8B4A-11D0-8D11-00A0C91BC942}") = "Sample_SphereMapping", "Samples\SphereMapping\Sample_SphereMapping.vcxproj", "{DD8F373A-AFF6-31AF-8250-5BFA2BC625B6}"
	ProjectSection(ProjectDependencies) = postProject
		{7703EAB2-EEB1-3EAB-AA55-836F20F607BC} = {7703EAB2-EEB1-3EAB-AA55-836F20F607BC}
		{26F11247-E352-31F6-8A00-E4DEAAEC6ECB} = {26F11247-E352-31F6-8A00-E4DEAAEC6ECB}
		{D218A8EC-11B6-3DDD-8A0F-28B69BC49566} = {D218A8EC-11B6-3DDD-8A0F-28B69BC49566}
		{15BCB76A-DD98-35DD-96B1-1E7EEEC741A0} = {15BCB76A-DD98-35DD-96B1-1E7EEEC741A0}
		{0418CD2D-F449-3DB6-9723-C2E5AE81E511} = {0418CD2D-F449-3DB6-9723-C2E5AE81E511}
		{75AC165A-BC97-3A3D-B584-BF8CD65CB7D5} = {75AC165A-BC97-3A3D-B584-BF8CD65CB7D5}
		{6B3887EF-0127-36B8-A915-2F063234BB17} = {6B3887EF-0127-36B8-A915-2F063234BB17}
	EndProjectSection
EndProject
Project("{8BC9CEB8-8B4A-11D0-8D11-00A0C91BC942}") = "Sample_Terrain", "Samples\Terrain\Sample_Terrain.vcxproj", "{63DFDEEA-EB20-38F2-A489-D816EDD47F0F}"
	ProjectSection(ProjectDependencies) = postProject
		{7703EAB2-EEB1-3EAB-AA55-836F20F607BC} = {7703EAB2-EEB1-3EAB-AA55-836F20F607BC}
		{26F11247-E352-31F6-8A00-E4DEAAEC6ECB} = {26F11247-E352-31F6-8A00-E4DEAAEC6ECB}
		{D218A8EC-11B6-3DDD-8A0F-28B69BC49566} = {D218A8EC-11B6-3DDD-8A0F-28B69BC49566}
		{EEA110B6-EBB7-3443-AD47-CA628EAC0CB8} = {EEA110B6-EBB7-3443-AD47-CA628EAC0CB8}
		{15BCB76A-DD98-35DD-96B1-1E7EEEC741A0} = {15BCB76A-DD98-35DD-96B1-1E7EEEC741A0}
		{C8D71705-C3B9-3A0F-BA01-715A48211A2E} = {C8D71705-C3B9-3A0F-BA01-715A48211A2E}
		{0418CD2D-F449-3DB6-9723-C2E5AE81E511} = {0418CD2D-F449-3DB6-9723-C2E5AE81E511}
		{75AC165A-BC97-3A3D-B584-BF8CD65CB7D5} = {75AC165A-BC97-3A3D-B584-BF8CD65CB7D5}
		{6B3887EF-0127-36B8-A915-2F063234BB17} = {6B3887EF-0127-36B8-A915-2F063234BB17}
	EndProjectSection
EndProject
Project("{8BC9CEB8-8B4A-11D0-8D11-00A0C91BC942}") = "Sample_TextureArray", "Samples\TextureArray\Sample_TextureArray.vcxproj", "{ECD7061E-E9AA-3BAF-95BB-81933E167209}"
	ProjectSection(ProjectDependencies) = postProject
		{7703EAB2-EEB1-3EAB-AA55-836F20F607BC} = {7703EAB2-EEB1-3EAB-AA55-836F20F607BC}
		{26F11247-E352-31F6-8A00-E4DEAAEC6ECB} = {26F11247-E352-31F6-8A00-E4DEAAEC6ECB}
		{D218A8EC-11B6-3DDD-8A0F-28B69BC49566} = {D218A8EC-11B6-3DDD-8A0F-28B69BC49566}
		{15BCB76A-DD98-35DD-96B1-1E7EEEC741A0} = {15BCB76A-DD98-35DD-96B1-1E7EEEC741A0}
		{0418CD2D-F449-3DB6-9723-C2E5AE81E511} = {0418CD2D-F449-3DB6-9723-C2E5AE81E511}
		{75AC165A-BC97-3A3D-B584-BF8CD65CB7D5} = {75AC165A-BC97-3A3D-B584-BF8CD65CB7D5}
		{6B3887EF-0127-36B8-A915-2F063234BB17} = {6B3887EF-0127-36B8-A915-2F063234BB17}
	EndProjectSection
EndProject
Project("{8BC9CEB8-8B4A-11D0-8D11-00A0C91BC942}") = "Sample_TextureFX", "Samples\TextureFX\Sample_TextureFX.vcxproj", "{B0D0FF1E-3D28-3574-AE1C-3E9E37C93D93}"
	ProjectSection(ProjectDependencies) = postProject
		{7703EAB2-EEB1-3EAB-AA55-836F20F607BC} = {7703EAB2-EEB1-3EAB-AA55-836F20F607BC}
		{26F11247-E352-31F6-8A00-E4DEAAEC6ECB} = {26F11247-E352-31F6-8A00-E4DEAAEC6ECB}
		{D218A8EC-11B6-3DDD-8A0F-28B69BC49566} = {D218A8EC-11B6-3DDD-8A0F-28B69BC49566}
		{15BCB76A-DD98-35DD-96B1-1E7EEEC741A0} = {15BCB76A-DD98-35DD-96B1-1E7EEEC741A0}
		{0418CD2D-F449-3DB6-9723-C2E5AE81E511} = {0418CD2D-F449-3DB6-9723-C2E5AE81E511}
		{75AC165A-BC97-3A3D-B584-BF8CD65CB7D5} = {75AC165A-BC97-3A3D-B584-BF8CD65CB7D5}
		{6B3887EF-0127-36B8-A915-2F063234BB17} = {6B3887EF-0127-36B8-A915-2F063234BB17}
	EndProjectSection
EndProject
Project("{8BC9CEB8-8B4A-11D0-8D11-00A0C91BC942}") = "Sample_Transparency", "Samples\Transparency\Sample_Transparency.vcxproj", "{3573217A-C877-3DEB-B804-14FDF2E81AD4}"
	ProjectSection(ProjectDependencies) = postProject
		{7703EAB2-EEB1-3EAB-AA55-836F20F607BC} = {7703EAB2-EEB1-3EAB-AA55-836F20F607BC}
		{26F11247-E352-31F6-8A00-E4DEAAEC6ECB} = {26F11247-E352-31F6-8A00-E4DEAAEC6ECB}
		{D218A8EC-11B6-3DDD-8A0F-28B69BC49566} = {D218A8EC-11B6-3DDD-8A0F-28B69BC49566}
		{15BCB76A-DD98-35DD-96B1-1E7EEEC741A0} = {15BCB76A-DD98-35DD-96B1-1E7EEEC741A0}
		{0418CD2D-F449-3DB6-9723-C2E5AE81E511} = {0418CD2D-F449-3DB6-9723-C2E5AE81E511}
		{75AC165A-BC97-3A3D-B584-BF8CD65CB7D5} = {75AC165A-BC97-3A3D-B584-BF8CD65CB7D5}
		{6B3887EF-0127-36B8-A915-2F063234BB17} = {6B3887EF-0127-36B8-A915-2F063234BB17}
	EndProjectSection
EndProject
Project("{8BC9CEB8-8B4A-11D0-8D11-00A0C91BC942}") = "Sample_VolumeTex", "Samples\VolumeTex\Sample_VolumeTex.vcxproj", "{C75A4962-C7DF-3EDB-B851-26921A7F18ED}"
	ProjectSection(ProjectDependencies) = postProject
		{7703EAB2-EEB1-3EAB-AA55-836F20F607BC} = {7703EAB2-EEB1-3EAB-AA55-836F20F607BC}
		{26F11247-E352-31F6-8A00-E4DEAAEC6ECB} = {26F11247-E352-31F6-8A00-E4DEAAEC6ECB}
		{D218A8EC-11B6-3DDD-8A0F-28B69BC49566} = {D218A8EC-11B6-3DDD-8A0F-28B69BC49566}
		{15BCB76A-DD98-35DD-96B1-1E7EEEC741A0} = {15BCB76A-DD98-35DD-96B1-1E7EEEC741A0}
		{0418CD2D-F449-3DB6-9723-C2E5AE81E511} = {0418CD2D-F449-3DB6-9723-C2E5AE81E511}
		{75AC165A-BC97-3A3D-B584-BF8CD65CB7D5} = {75AC165A-BC97-3A3D-B584-BF8CD65CB7D5}
		{6B3887EF-0127-36B8-A915-2F063234BB17} = {6B3887EF-0127-36B8-A915-2F063234BB17}
	EndProjectSection
EndProject
Project("{8BC9CEB8-8B4A-11D0-8D11-00A0C91BC942}") = "Sample_Water", "Samples\Water\Sample_Water.vcxproj", "{A3B22E9D-E3F5-3279-BEC5-39B1FD0A1506}"
	ProjectSection(ProjectDependencies) = postProject
		{7703EAB2-EEB1-3EAB-AA55-836F20F607BC} = {7703EAB2-EEB1-3EAB-AA55-836F20F607BC}
		{26F11247-E352-31F6-8A00-E4DEAAEC6ECB} = {26F11247-E352-31F6-8A00-E4DEAAEC6ECB}
		{D218A8EC-11B6-3DDD-8A0F-28B69BC49566} = {D218A8EC-11B6-3DDD-8A0F-28B69BC49566}
		{15BCB76A-DD98-35DD-96B1-1E7EEEC741A0} = {15BCB76A-DD98-35DD-96B1-1E7EEEC741A0}
		{0418CD2D-F449-3DB6-9723-C2E5AE81E511} = {0418CD2D-F449-3DB6-9723-C2E5AE81E511}
		{75AC165A-BC97-3A3D-B584-BF8CD65CB7D5} = {75AC165A-BC97-3A3D-B584-BF8CD65CB7D5}
		{6B3887EF-0127-36B8-A915-2F063234BB17} = {6B3887EF-0127-36B8-A915-2F063234BB17}
	EndProjectSection
EndProject
Project("{8BC9CEB8-8B4A-11D0-8D11-00A0C91BC942}") = "freetype", "Dependencies\src\freetype\freetype.vcxproj", "{0418CD2D-F449-3DB6-9723-C2E5AE81E511}"
EndProject
Project("{8BC9CEB8-8B4A-11D0-8D11-00A0C91BC942}") = "zlib", "Dependencies\src\zlib\zlib.vcxproj", "{75AC165A-BC97-3A3D-B584-BF8CD65CB7D5}"
EndProject
Project("{8BC9CEB8-8B4A-11D0-8D11-00A0C91BC942}") = "zziplib", "Dependencies\src\zziplib\zziplib.vcxproj", "{6B3887EF-0127-36B8-A915-2F063234BB17}"
EndProject
Global
	GlobalSection(SolutionConfigurationPlatforms) = preSolution
		Debug|Win32 = Debug|Win32
		MinSizeRel|Win32 = MinSizeRel|Win32
		Release|Win32 = Release|Win32
		RelWithDebInfo|Win32 = RelWithDebInfo|Win32
	EndGlobalSection
	GlobalSection(ProjectConfigurationPlatforms) = postSolution
		{7703EAB2-EEB1-3EAB-AA55-836F20F607BC}.Debug|Win32.ActiveCfg = Debug|Win32
		{7703EAB2-EEB1-3EAB-AA55-836F20F607BC}.Debug|Win32.Build.0 = Debug|Win32
		{7703EAB2-EEB1-3EAB-AA55-836F20F607BC}.MinSizeRel|Win32.ActiveCfg = MinSizeRel|Win32
		{7703EAB2-EEB1-3EAB-AA55-836F20F607BC}.MinSizeRel|Win32.Build.0 = MinSizeRel|Win32
		{7703EAB2-EEB1-3EAB-AA55-836F20F607BC}.Release|Win32.ActiveCfg = Release|Win32
		{7703EAB2-EEB1-3EAB-AA55-836F20F607BC}.Release|Win32.Build.0 = Release|Win32
		{7703EAB2-EEB1-3EAB-AA55-836F20F607BC}.RelWithDebInfo|Win32.ActiveCfg = RelWithDebInfo|Win32
		{7703EAB2-EEB1-3EAB-AA55-836F20F607BC}.RelWithDebInfo|Win32.Build.0 = RelWithDebInfo|Win32
		{26F11247-E352-31F6-8A00-E4DEAAEC6ECB}.Debug|Win32.ActiveCfg = Debug|Win32
		{26F11247-E352-31F6-8A00-E4DEAAEC6ECB}.Debug|Win32.Build.0 = Debug|Win32
		{26F11247-E352-31F6-8A00-E4DEAAEC6ECB}.MinSizeRel|Win32.ActiveCfg = MinSizeRel|Win32
		{26F11247-E352-31F6-8A00-E4DEAAEC6ECB}.MinSizeRel|Win32.Build.0 = MinSizeRel|Win32
		{26F11247-E352-31F6-8A00-E4DEAAEC6ECB}.Release|Win32.ActiveCfg = Release|Win32
		{26F11247-E352-31F6-8A00-E4DEAAEC6ECB}.Release|Win32.Build.0 = Release|Win32
		{26F11247-E352-31F6-8A00-E4DEAAEC6ECB}.RelWithDebInfo|Win32.ActiveCfg = RelWithDebInfo|Win32
		{26F11247-E352-31F6-8A00-E4DEAAEC6ECB}.RelWithDebInfo|Win32.Build.0 = RelWithDebInfo|Win32
		{D218A8EC-11B6-3DDD-8A0F-28B69BC49566}.Debug|Win32.ActiveCfg = Debug|Win32
		{D218A8EC-11B6-3DDD-8A0F-28B69BC49566}.Debug|Win32.Build.0 = Debug|Win32
		{D218A8EC-11B6-3DDD-8A0F-28B69BC49566}.MinSizeRel|Win32.ActiveCfg = MinSizeRel|Win32
		{D218A8EC-11B6-3DDD-8A0F-28B69BC49566}.MinSizeRel|Win32.Build.0 = MinSizeRel|Win32
		{D218A8EC-11B6-3DDD-8A0F-28B69BC49566}.Release|Win32.ActiveCfg = Release|Win32
		{D218A8EC-11B6-3DDD-8A0F-28B69BC49566}.Release|Win32.Build.0 = Release|Win32
		{D218A8EC-11B6-3DDD-8A0F-28B69BC49566}.RelWithDebInfo|Win32.ActiveCfg = RelWithDebInfo|Win32
		{D218A8EC-11B6-3DDD-8A0F-28B69BC49566}.RelWithDebInfo|Win32.Build.0 = RelWithDebInfo|Win32
		{580F58CF-4813-30E8-8689-06A77EDD4A3A}.Debug|Win32.ActiveCfg = Debug|Win32
		{580F58CF-4813-30E8-8689-06A77EDD4A3A}.Debug|Win32.Build.0 = Debug|Win32
		{580F58CF-4813-30E8-8689-06A77EDD4A3A}.MinSizeRel|Win32.ActiveCfg = MinSizeRel|Win32
		{580F58CF-4813-30E8-8689-06A77EDD4A3A}.MinSizeRel|Win32.Build.0 = MinSizeRel|Win32
		{580F58CF-4813-30E8-8689-06A77EDD4A3A}.Release|Win32.ActiveCfg = Release|Win32
		{580F58CF-4813-30E8-8689-06A77EDD4A3A}.Release|Win32.Build.0 = Release|Win32
		{580F58CF-4813-30E8-8689-06A77EDD4A3A}.RelWithDebInfo|Win32.ActiveCfg = RelWithDebInfo|Win32
		{580F58CF-4813-30E8-8689-06A77EDD4A3A}.RelWithDebInfo|Win32.Build.0 = RelWithDebInfo|Win32
		{EEA110B6-EBB7-3443-AD47-CA628EAC0CB8}.Debug|Win32.ActiveCfg = Debug|Win32
		{EEA110B6-EBB7-3443-AD47-CA628EAC0CB8}.Debug|Win32.Build.0 = Debug|Win32
		{EEA110B6-EBB7-3443-AD47-CA628EAC0CB8}.MinSizeRel|Win32.ActiveCfg = MinSizeRel|Win32
		{EEA110B6-EBB7-3443-AD47-CA628EAC0CB8}.MinSizeRel|Win32.Build.0 = MinSizeRel|Win32
		{EEA110B6-EBB7-3443-AD47-CA628EAC0CB8}.Release|Win32.ActiveCfg = Release|Win32
		{EEA110B6-EBB7-3443-AD47-CA628EAC0CB8}.Release|Win32.Build.0 = Release|Win32
		{EEA110B6-EBB7-3443-AD47-CA628EAC0CB8}.RelWithDebInfo|Win32.ActiveCfg = RelWithDebInfo|Win32
		{EEA110B6-EBB7-3443-AD47-CA628EAC0CB8}.RelWithDebInfo|Win32.Build.0 = RelWithDebInfo|Win32
		{15BCB76A-DD98-35DD-96B1-1E7EEEC741A0}.Debug|Win32.ActiveCfg = Debug|Win32
		{15BCB76A-DD98-35DD-96B1-1E7EEEC741A0}.Debug|Win32.Build.0 = Debug|Win32
		{15BCB76A-DD98-35DD-96B1-1E7EEEC741A0}.MinSizeRel|Win32.ActiveCfg = MinSizeRel|Win32
		{15BCB76A-DD98-35DD-96B1-1E7EEEC741A0}.MinSizeRel|Win32.Build.0 = MinSizeRel|Win32
		{15BCB76A-DD98-35DD-96B1-1E7EEEC741A0}.Release|Win32.ActiveCfg = Release|Win32
		{15BCB76A-DD98-35DD-96B1-1E7EEEC741A0}.Release|Win32.Build.0 = Release|Win32
		{15BCB76A-DD98-35DD-96B1-1E7EEEC741A0}.RelWithDebInfo|Win32.ActiveCfg = RelWithDebInfo|Win32
		{15BCB76A-DD98-35DD-96B1-1E7EEEC741A0}.RelWithDebInfo|Win32.Build.0 = RelWithDebInfo|Win32
		{C8D71705-C3B9-3A0F-BA01-715A48211A2E}.Debug|Win32.ActiveCfg = Debug|Win32
		{C8D71705-C3B9-3A0F-BA01-715A48211A2E}.Debug|Win32.Build.0 = Debug|Win32
		{C8D71705-C3B9-3A0F-BA01-715A48211A2E}.MinSizeRel|Win32.ActiveCfg = MinSizeRel|Win32
		{C8D71705-C3B9-3A0F-BA01-715A48211A2E}.MinSizeRel|Win32.Build.0 = MinSizeRel|Win32
		{C8D71705-C3B9-3A0F-BA01-715A48211A2E}.Release|Win32.ActiveCfg = Release|Win32
		{C8D71705-C3B9-3A0F-BA01-715A48211A2E}.Release|Win32.Build.0 = Release|Win32
		{C8D71705-C3B9-3A0F-BA01-715A48211A2E}.RelWithDebInfo|Win32.ActiveCfg = RelWithDebInfo|Win32
		{C8D71705-C3B9-3A0F-BA01-715A48211A2E}.RelWithDebInfo|Win32.Build.0 = RelWithDebInfo|Win32
		{70AB2CD0-9F34-3C80-9EB1-4C6854BBED3E}.Debug|Win32.ActiveCfg = Debug|Win32
		{70AB2CD0-9F34-3C80-9EB1-4C6854BBED3E}.Debug|Win32.Build.0 = Debug|Win32
		{70AB2CD0-9F34-3C80-9EB1-4C6854BBED3E}.MinSizeRel|Win32.ActiveCfg = MinSizeRel|Win32
		{70AB2CD0-9F34-3C80-9EB1-4C6854BBED3E}.MinSizeRel|Win32.Build.0 = MinSizeRel|Win32
		{70AB2CD0-9F34-3C80-9EB1-4C6854BBED3E}.Release|Win32.ActiveCfg = Release|Win32
		{70AB2CD0-9F34-3C80-9EB1-4C6854BBED3E}.Release|Win32.Build.0 = Release|Win32
		{70AB2CD0-9F34-3C80-9EB1-4C6854BBED3E}.RelWithDebInfo|Win32.ActiveCfg = RelWithDebInfo|Win32
		{70AB2CD0-9F34-3C80-9EB1-4C6854BBED3E}.RelWithDebInfo|Win32.Build.0 = RelWithDebInfo|Win32
		{60BC6F80-5558-3D62-8DE3-5DA195AA3906}.Debug|Win32.ActiveCfg = Debug|Win32
		{60BC6F80-5558-3D62-8DE3-5DA195AA3906}.Debug|Win32.Build.0 = Debug|Win32
		{60BC6F80-5558-3D62-8DE3-5DA195AA3906}.MinSizeRel|Win32.ActiveCfg = MinSizeRel|Win32
		{60BC6F80-5558-3D62-8DE3-5DA195AA3906}.MinSizeRel|Win32.Build.0 = MinSizeRel|Win32
		{60BC6F80-5558-3D62-8DE3-5DA195AA3906}.Release|Win32.ActiveCfg = Release|Win32
		{60BC6F80-5558-3D62-8DE3-5DA195AA3906}.Release|Win32.Build.0 = Release|Win32
		{60BC6F80-5558-3D62-8DE3-5DA195AA3906}.RelWithDebInfo|Win32.ActiveCfg = RelWithDebInfo|Win32
		{60BC6F80-5558-3D62-8DE3-5DA195AA3906}.RelWithDebInfo|Win32.Build.0 = RelWithDebInfo|Win32
		{22622A9E-1660-3C45-9D60-70AAA5C35B32}.Debug|Win32.ActiveCfg = Debug|Win32
		{22622A9E-1660-3C45-9D60-70AAA5C35B32}.Debug|Win32.Build.0 = Debug|Win32
		{22622A9E-1660-3C45-9D60-70AAA5C35B32}.MinSizeRel|Win32.ActiveCfg = MinSizeRel|Win32
		{22622A9E-1660-3C45-9D60-70AAA5C35B32}.MinSizeRel|Win32.Build.0 = MinSizeRel|Win32
		{22622A9E-1660-3C45-9D60-70AAA5C35B32}.Release|Win32.ActiveCfg = Release|Win32
		{22622A9E-1660-3C45-9D60-70AAA5C35B32}.Release|Win32.Build.0 = Release|Win32
		{22622A9E-1660-3C45-9D60-70AAA5C35B32}.RelWithDebInfo|Win32.ActiveCfg = RelWithDebInfo|Win32
		{22622A9E-1660-3C45-9D60-70AAA5C35B32}.RelWithDebInfo|Win32.Build.0 = RelWithDebInfo|Win32
		{BF8DBCBD-74D1-36DB-A01A-94E5DAE1ECE1}.Debug|Win32.ActiveCfg = Debug|Win32
		{BF8DBCBD-74D1-36DB-A01A-94E5DAE1ECE1}.Debug|Win32.Build.0 = Debug|Win32
		{BF8DBCBD-74D1-36DB-A01A-94E5DAE1ECE1}.MinSizeRel|Win32.ActiveCfg = MinSizeRel|Win32
		{BF8DBCBD-74D1-36DB-A01A-94E5DAE1ECE1}.MinSizeRel|Win32.Build.0 = MinSizeRel|Win32
		{BF8DBCBD-74D1-36DB-A01A-94E5DAE1ECE1}.Release|Win32.ActiveCfg = Release|Win32
		{BF8DBCBD-74D1-36DB-A01A-94E5DAE1ECE1}.Release|Win32.Build.0 = Release|Win32
		{BF8DBCBD-74D1-36DB-A01A-94E5DAE1ECE1}.RelWithDebInfo|Win32.ActiveCfg = RelWithDebInfo|Win32
		{BF8DBCBD-74D1-36DB-A01A-94E5DAE1ECE1}.RelWithDebInfo|Win32.Build.0 = RelWithDebInfo|Win32
		{D6D1837E-50E8-38C9-B4D6-4A45446ACF47}.Debug|Win32.ActiveCfg = Debug|Win32
		{D6D1837E-50E8-38C9-B4D6-4A45446ACF47}.Debug|Win32.Build.0 = Debug|Win32
		{D6D1837E-50E8-38C9-B4D6-4A45446ACF47}.MinSizeRel|Win32.ActiveCfg = MinSizeRel|Win32
		{D6D1837E-50E8-38C9-B4D6-4A45446ACF47}.MinSizeRel|Win32.Build.0 = MinSizeRel|Win32
		{D6D1837E-50E8-38C9-B4D6-4A45446ACF47}.Release|Win32.ActiveCfg = Release|Win32
		{D6D1837E-50E8-38C9-B4D6-4A45446ACF47}.Release|Win32.Build.0 = Release|Win32
		{D6D1837E-50E8-38C9-B4D6-4A45446ACF47}.RelWithDebInfo|Win32.ActiveCfg = RelWithDebInfo|Win32
		{D6D1837E-50E8-38C9-B4D6-4A45446ACF47}.RelWithDebInfo|Win32.Build.0 = RelWithDebInfo|Win32
		{5D02BB57-59B6-35C6-B492-652AD2D14EB7}.Debug|Win32.ActiveCfg = Debug|Win32
		{5D02BB57-59B6-35C6-B492-652AD2D14EB7}.Debug|Win32.Build.0 = Debug|Win32
		{5D02BB57-59B6-35C6-B492-652AD2D14EB7}.MinSizeRel|Win32.ActiveCfg = MinSizeRel|Win32
		{5D02BB57-59B6-35C6-B492-652AD2D14EB7}.MinSizeRel|Win32.Build.0 = MinSizeRel|Win32
		{5D02BB57-59B6-35C6-B492-652AD2D14EB7}.Release|Win32.ActiveCfg = Release|Win32
		{5D02BB57-59B6-35C6-B492-652AD2D14EB7}.Release|Win32.Build.0 = Release|Win32
		{5D02BB57-59B6-35C6-B492-652AD2D14EB7}.RelWithDebInfo|Win32.ActiveCfg = RelWithDebInfo|Win32
		{5D02BB57-59B6-35C6-B492-652AD2D14EB7}.RelWithDebInfo|Win32.Build.0 = RelWithDebInfo|Win32
		{9E499257-1A47-3140-8CFB-CEE02042A84E}.Debug|Win32.ActiveCfg = Debug|Win32
		{9E499257-1A47-3140-8CFB-CEE02042A84E}.Debug|Win32.Build.0 = Debug|Win32
		{9E499257-1A47-3140-8CFB-CEE02042A84E}.MinSizeRel|Win32.ActiveCfg = MinSizeRel|Win32
		{9E499257-1A47-3140-8CFB-CEE02042A84E}.MinSizeRel|Win32.Build.0 = MinSizeRel|Win32
		{9E499257-1A47-3140-8CFB-CEE02042A84E}.Release|Win32.ActiveCfg = Release|Win32
		{9E499257-1A47-3140-8CFB-CEE02042A84E}.Release|Win32.Build.0 = Release|Win32
		{9E499257-1A47-3140-8CFB-CEE02042A84E}.RelWithDebInfo|Win32.ActiveCfg = RelWithDebInfo|Win32
		{9E499257-1A47-3140-8CFB-CEE02042A84E}.RelWithDebInfo|Win32.Build.0 = RelWithDebInfo|Win32
		{02981451-0FD1-325E-B156-21DE470D62D0}.Debug|Win32.ActiveCfg = Debug|Win32
		{02981451-0FD1-325E-B156-21DE470D62D0}.Debug|Win32.Build.0 = Debug|Win32
		{02981451-0FD1-325E-B156-21DE470D62D0}.MinSizeRel|Win32.ActiveCfg = MinSizeRel|Win32
		{02981451-0FD1-325E-B156-21DE470D62D0}.MinSizeRel|Win32.Build.0 = MinSizeRel|Win32
		{02981451-0FD1-325E-B156-21DE470D62D0}.Release|Win32.ActiveCfg = Release|Win32
		{02981451-0FD1-325E-B156-21DE470D62D0}.Release|Win32.Build.0 = Release|Win32
		{02981451-0FD1-325E-B156-21DE470D62D0}.RelWithDebInfo|Win32.ActiveCfg = RelWithDebInfo|Win32
		{02981451-0FD1-325E-B156-21DE470D62D0}.RelWithDebInfo|Win32.Build.0 = RelWithDebInfo|Win32
		{863937E3-EFB3-3B29-B7A4-90F6BCAAB2FC}.Debug|Win32.ActiveCfg = Debug|Win32
		{863937E3-EFB3-3B29-B7A4-90F6BCAAB2FC}.Debug|Win32.Build.0 = Debug|Win32
		{863937E3-EFB3-3B29-B7A4-90F6BCAAB2FC}.MinSizeRel|Win32.ActiveCfg = MinSizeRel|Win32
		{863937E3-EFB3-3B29-B7A4-90F6BCAAB2FC}.MinSizeRel|Win32.Build.0 = MinSizeRel|Win32
		{863937E3-EFB3-3B29-B7A4-90F6BCAAB2FC}.Release|Win32.ActiveCfg = Release|Win32
		{863937E3-EFB3-3B29-B7A4-90F6BCAAB2FC}.Release|Win32.Build.0 = Release|Win32
		{863937E3-EFB3-3B29-B7A4-90F6BCAAB2FC}.RelWithDebInfo|Win32.ActiveCfg = RelWithDebInfo|Win32
		{863937E3-EFB3-3B29-B7A4-90F6BCAAB2FC}.RelWithDebInfo|Win32.Build.0 = RelWithDebInfo|Win32
		{99726366-627E-3FDD-992C-877136262F75}.Debug|Win32.ActiveCfg = Debug|Win32
		{99726366-627E-3FDD-992C-877136262F75}.Debug|Win32.Build.0 = Debug|Win32
		{99726366-627E-3FDD-992C-877136262F75}.MinSizeRel|Win32.ActiveCfg = MinSizeRel|Win32
		{99726366-627E-3FDD-992C-877136262F75}.MinSizeRel|Win32.Build.0 = MinSizeRel|Win32
		{99726366-627E-3FDD-992C-877136262F75}.Release|Win32.ActiveCfg = Release|Win32
		{99726366-627E-3FDD-992C-877136262F75}.Release|Win32.Build.0 = Release|Win32
		{99726366-627E-3FDD-992C-877136262F75}.RelWithDebInfo|Win32.ActiveCfg = RelWithDebInfo|Win32
		{99726366-627E-3FDD-992C-877136262F75}.RelWithDebInfo|Win32.Build.0 = RelWithDebInfo|Win32
		{E862F809-C680-3014-9C02-67654FC5F1F8}.Debug|Win32.ActiveCfg = Debug|Win32
		{E862F809-C680-3014-9C02-67654FC5F1F8}.Debug|Win32.Build.0 = Debug|Win32
		{E862F809-C680-3014-9C02-67654FC5F1F8}.MinSizeRel|Win32.ActiveCfg = MinSizeRel|Win32
		{E862F809-C680-3014-9C02-67654FC5F1F8}.MinSizeRel|Win32.Build.0 = MinSizeRel|Win32
		{E862F809-C680-3014-9C02-67654FC5F1F8}.Release|Win32.ActiveCfg = Release|Win32
		{E862F809-C680-3014-9C02-67654FC5F1F8}.Release|Win32.Build.0 = Release|Win32
		{E862F809-C680-3014-9C02-67654FC5F1F8}.RelWithDebInfo|Win32.ActiveCfg = RelWithDebInfo|Win32
		{E862F809-C680-3014-9C02-67654FC5F1F8}.RelWithDebInfo|Win32.Build.0 = RelWithDebInfo|Win32
		{BB5DCBE0-31E6-34C7-8E42-3B2535149248}.Debug|Win32.ActiveCfg = Debug|Win32
		{BB5DCBE0-31E6-34C7-8E42-3B2535149248}.Debug|Win32.Build.0 = Debug|Win32
		{BB5DCBE0-31E6-34C7-8E42-3B2535149248}.MinSizeRel|Win32.ActiveCfg = MinSizeRel|Win32
		{BB5DCBE0-31E6-34C7-8E42-3B2535149248}.MinSizeRel|Win32.Build.0 = MinSizeRel|Win32
		{BB5DCBE0-31E6-34C7-8E42-3B2535149248}.Release|Win32.ActiveCfg = Release|Win32
		{BB5DCBE0-31E6-34C7-8E42-3B2535149248}.Release|Win32.Build.0 = Release|Win32
		{BB5DCBE0-31E6-34C7-8E42-3B2535149248}.RelWithDebInfo|Win32.ActiveCfg = RelWithDebInfo|Win32
		{BB5DCBE0-31E6-34C7-8E42-3B2535149248}.RelWithDebInfo|Win32.Build.0 = RelWithDebInfo|Win32
		{04BE20C9-C06C-33BF-A48F-ABDEA2608B4C}.Debug|Win32.ActiveCfg = Debug|Win32
		{04BE20C9-C06C-33BF-A48F-ABDEA2608B4C}.Debug|Win32.Build.0 = Debug|Win32
		{04BE20C9-C06C-33BF-A48F-ABDEA2608B4C}.MinSizeRel|Win32.ActiveCfg = MinSizeRel|Win32
		{04BE20C9-C06C-33BF-A48F-ABDEA2608B4C}.MinSizeRel|Win32.Build.0 = MinSizeRel|Win32
		{04BE20C9-C06C-33BF-A48F-ABDEA2608B4C}.Release|Win32.ActiveCfg = Release|Win32
		{04BE20C9-C06C-33BF-A48F-ABDEA2608B4C}.Release|Win32.Build.0 = Release|Win32
		{04BE20C9-C06C-33BF-A48F-ABDEA2608B4C}.RelWithDebInfo|Win32.ActiveCfg = RelWithDebInfo|Win32
		{04BE20C9-C06C-33BF-A48F-ABDEA2608B4C}.RelWithDebInfo|Win32.Build.0 = RelWithDebInfo|Win32
		{15DBA0C3-AB52-3A58-8237-1A160A66C71E}.Debug|Win32.ActiveCfg = Debug|Win32
		{15DBA0C3-AB52-3A58-8237-1A160A66C71E}.Debug|Win32.Build.0 = Debug|Win32
		{15DBA0C3-AB52-3A58-8237-1A160A66C71E}.MinSizeRel|Win32.ActiveCfg = MinSizeRel|Win32
		{15DBA0C3-AB52-3A58-8237-1A160A66C71E}.MinSizeRel|Win32.Build.0 = MinSizeRel|Win32
		{15DBA0C3-AB52-3A58-8237-1A160A66C71E}.Release|Win32.ActiveCfg = Release|Win32
		{15DBA0C3-AB52-3A58-8237-1A160A66C71E}.Release|Win32.Build.0 = Release|Win32
		{15DBA0C3-AB52-3A58-8237-1A160A66C71E}.RelWithDebInfo|Win32.ActiveCfg = RelWithDebInfo|Win32
		{15DBA0C3-AB52-3A58-8237-1A160A66C71E}.RelWithDebInfo|Win32.Build.0 = RelWithDebInfo|Win32
		{FDAE92BD-0D62-3C50-A636-5B244AC84139}.Debug|Win32.ActiveCfg = Debug|Win32
		{FDAE92BD-0D62-3C50-A636-5B244AC84139}.Debug|Win32.Build.0 = Debug|Win32
		{FDAE92BD-0D62-3C50-A636-5B244AC84139}.MinSizeRel|Win32.ActiveCfg = MinSizeRel|Win32
		{FDAE92BD-0D62-3C50-A636-5B244AC84139}.MinSizeRel|Win32.Build.0 = MinSizeRel|Win32
		{FDAE92BD-0D62-3C50-A636-5B244AC84139}.Release|Win32.ActiveCfg = Release|Win32
		{FDAE92BD-0D62-3C50-A636-5B244AC84139}.Release|Win32.Build.0 = Release|Win32
		{FDAE92BD-0D62-3C50-A636-5B244AC84139}.RelWithDebInfo|Win32.ActiveCfg = RelWithDebInfo|Win32
		{FDAE92BD-0D62-3C50-A636-5B244AC84139}.RelWithDebInfo|Win32.Build.0 = RelWithDebInfo|Win32
		{130DCF4E-69A3-39F3-A2D4-74BA54E9AF82}.Debug|Win32.ActiveCfg = Debug|Win32
		{130DCF4E-69A3-39F3-A2D4-74BA54E9AF82}.Debug|Win32.Build.0 = Debug|Win32
		{130DCF4E-69A3-39F3-A2D4-74BA54E9AF82}.MinSizeRel|Win32.ActiveCfg = MinSizeRel|Win32
		{130DCF4E-69A3-39F3-A2D4-74BA54E9AF82}.MinSizeRel|Win32.Build.0 = MinSizeRel|Win32
		{130DCF4E-69A3-39F3-A2D4-74BA54E9AF82}.Release|Win32.ActiveCfg = Release|Win32
		{130DCF4E-69A3-39F3-A2D4-74BA54E9AF82}.Release|Win32.Build.0 = Release|Win32
		{130DCF4E-69A3-39F3-A2D4-74BA54E9AF82}.RelWithDebInfo|Win32.ActiveCfg = RelWithDebInfo|Win32
		{130DCF4E-69A3-39F3-A2D4-74BA54E9AF82}.RelWithDebInfo|Win32.Build.0 = RelWithDebInfo|Win32
		{0129F66B-CC49-33AC-BA3B-E30843CBE5B6}.Debug|Win32.ActiveCfg = Debug|Win32
		{0129F66B-CC49-33AC-BA3B-E30843CBE5B6}.Debug|Win32.Build.0 = Debug|Win32
		{0129F66B-CC49-33AC-BA3B-E30843CBE5B6}.MinSizeRel|Win32.ActiveCfg = MinSizeRel|Win32
		{0129F66B-CC49-33AC-BA3B-E30843CBE5B6}.MinSizeRel|Win32.Build.0 = MinSizeRel|Win32
		{0129F66B-CC49-33AC-BA3B-E30843CBE5B6}.Release|Win32.ActiveCfg = Release|Win32
		{0129F66B-CC49-33AC-BA3B-E30843CBE5B6}.Release|Win32.Build.0 = Release|Win32
		{0129F66B-CC49-33AC-BA3B-E30843CBE5B6}.RelWithDebInfo|Win32.ActiveCfg = RelWithDebInfo|Win32
		{0129F66B-CC49-33AC-BA3B-E30843CBE5B6}.RelWithDebInfo|Win32.Build.0 = RelWithDebInfo|Win32
		{F4EE30DA-986C-3E1C-8500-2B700DA69A2C}.Debug|Win32.ActiveCfg = Debug|Win32
		{F4EE30DA-986C-3E1C-8500-2B700DA69A2C}.Debug|Win32.Build.0 = Debug|Win32
		{F4EE30DA-986C-3E1C-8500-2B700DA69A2C}.MinSizeRel|Win32.ActiveCfg = MinSizeRel|Win32
		{F4EE30DA-986C-3E1C-8500-2B700DA69A2C}.MinSizeRel|Win32.Build.0 = MinSizeRel|Win32
		{F4EE30DA-986C-3E1C-8500-2B700DA69A2C}.Release|Win32.ActiveCfg = Release|Win32
		{F4EE30DA-986C-3E1C-8500-2B700DA69A2C}.Release|Win32.Build.0 = Release|Win32
		{F4EE30DA-986C-3E1C-8500-2B700DA69A2C}.RelWithDebInfo|Win32.ActiveCfg = RelWithDebInfo|Win32
		{F4EE30DA-986C-3E1C-8500-2B700DA69A2C}.RelWithDebInfo|Win32.Build.0 = RelWithDebInfo|Win32
		{095BC0D2-3EF4-3636-8E4E-7A60EE994C58}.Debug|Win32.ActiveCfg = Debug|Win32
		{095BC0D2-3EF4-3636-8E4E-7A60EE994C58}.Debug|Win32.Build.0 = Debug|Win32
		{095BC0D2-3EF4-3636-8E4E-7A60EE994C58}.MinSizeRel|Win32.ActiveCfg = MinSizeRel|Win32
		{095BC0D2-3EF4-3636-8E4E-7A60EE994C58}.MinSizeRel|Win32.Build.0 = MinSizeRel|Win32
		{095BC0D2-3EF4-3636-8E4E-7A60EE994C58}.Release|Win32.ActiveCfg = Release|Win32
		{095BC0D2-3EF4-3636-8E4E-7A60EE994C58}.Release|Win32.Build.0 = Release|Win32
		{095BC0D2-3EF4-3636-8E4E-7A60EE994C58}.RelWithDebInfo|Win32.ActiveCfg = RelWithDebInfo|Win32
		{095BC0D2-3EF4-3636-8E4E-7A60EE994C58}.RelWithDebInfo|Win32.Build.0 = RelWithDebInfo|Win32
		{3C9663E5-4057-34D1-A9D1-7357FC45F626}.Debug|Win32.ActiveCfg = Debug|Win32
		{3C9663E5-4057-34D1-A9D1-7357FC45F626}.Debug|Win32.Build.0 = Debug|Win32
		{3C9663E5-4057-34D1-A9D1-7357FC45F626}.MinSizeRel|Win32.ActiveCfg = MinSizeRel|Win32
		{3C9663E5-4057-34D1-A9D1-7357FC45F626}.MinSizeRel|Win32.Build.0 = MinSizeRel|Win32
		{3C9663E5-4057-34D1-A9D1-7357FC45F626}.Release|Win32.ActiveCfg = Release|Win32
		{3C9663E5-4057-34D1-A9D1-7357FC45F626}.Release|Win32.Build.0 = Release|Win32
		{3C9663E5-4057-34D1-A9D1-7357FC45F626}.RelWithDebInfo|Win32.ActiveCfg = RelWithDebInfo|Win32
		{3C9663E5-4057-34D1-A9D1-7357FC45F626}.RelWithDebInfo|Win32.Build.0 = RelWithDebInfo|Win32
		{39BF1837-3E08-3E3B-BE7A-A587FFAF1DD3}.Debug|Win32.ActiveCfg = Debug|Win32
		{39BF1837-3E08-3E3B-BE7A-A587FFAF1DD3}.Debug|Win32.Build.0 = Debug|Win32
		{39BF1837-3E08-3E3B-BE7A-A587FFAF1DD3}.MinSizeRel|Win32.ActiveCfg = MinSizeRel|Win32
		{39BF1837-3E08-3E3B-BE7A-A587FFAF1DD3}.MinSizeRel|Win32.Build.0 = MinSizeRel|Win32
		{39BF1837-3E08-3E3B-BE7A-A587FFAF1DD3}.Release|Win32.ActiveCfg = Release|Win32
		{39BF1837-3E08-3E3B-BE7A-A587FFAF1DD3}.Release|Win32.Build.0 = Release|Win32
		{39BF1837-3E08-3E3B-BE7A-A587FFAF1DD3}.RelWithDebInfo|Win32.ActiveCfg = RelWithDebInfo|Win32
		{39BF1837-3E08-3E3B-BE7A-A587FFAF1DD3}.RelWithDebInfo|Win32.Build.0 = RelWithDebInfo|Win32
		{D45F950F-EEF5-3CBD-ADE6-56690B855D68}.Debug|Win32.ActiveCfg = Debug|Win32
		{D45F950F-EEF5-3CBD-ADE6-56690B855D68}.Debug|Win32.Build.0 = Debug|Win32
		{D45F950F-EEF5-3CBD-ADE6-56690B855D68}.MinSizeRel|Win32.ActiveCfg = MinSizeRel|Win32
		{D45F950F-EEF5-3CBD-ADE6-56690B855D68}.MinSizeRel|Win32.Build.0 = MinSizeRel|Win32
		{D45F950F-EEF5-3CBD-ADE6-56690B855D68}.Release|Win32.ActiveCfg = Release|Win32
		{D45F950F-EEF5-3CBD-ADE6-56690B855D68}.Release|Win32.Build.0 = Release|Win32
		{D45F950F-EEF5-3CBD-ADE6-56690B855D68}.RelWithDebInfo|Win32.ActiveCfg = RelWithDebInfo|Win32
		{D45F950F-EEF5-3CBD-ADE6-56690B855D68}.RelWithDebInfo|Win32.Build.0 = RelWithDebInfo|Win32
		{A17EB92A-5E39-3873-9E74-BA20322F6AB1}.Debug|Win32.ActiveCfg = Debug|Win32
		{A17EB92A-5E39-3873-9E74-BA20322F6AB1}.Debug|Win32.Build.0 = Debug|Win32
		{A17EB92A-5E39-3873-9E74-BA20322F6AB1}.MinSizeRel|Win32.ActiveCfg = MinSizeRel|Win32
		{A17EB92A-5E39-3873-9E74-BA20322F6AB1}.MinSizeRel|Win32.Build.0 = MinSizeRel|Win32
		{A17EB92A-5E39-3873-9E74-BA20322F6AB1}.Release|Win32.ActiveCfg = Release|Win32
		{A17EB92A-5E39-3873-9E74-BA20322F6AB1}.Release|Win32.Build.0 = Release|Win32
		{A17EB92A-5E39-3873-9E74-BA20322F6AB1}.RelWithDebInfo|Win32.ActiveCfg = RelWithDebInfo|Win32
		{A17EB92A-5E39-3873-9E74-BA20322F6AB1}.RelWithDebInfo|Win32.Build.0 = RelWithDebInfo|Win32
		{1F9231D6-4BC1-33BF-8F92-EDE25861E2B9}.Debug|Win32.ActiveCfg = Debug|Win32
		{1F9231D6-4BC1-33BF-8F92-EDE25861E2B9}.Debug|Win32.Build.0 = Debug|Win32
		{1F9231D6-4BC1-33BF-8F92-EDE25861E2B9}.MinSizeRel|Win32.ActiveCfg = MinSizeRel|Win32
		{1F9231D6-4BC1-33BF-8F92-EDE25861E2B9}.MinSizeRel|Win32.Build.0 = MinSizeRel|Win32
		{1F9231D6-4BC1-33BF-8F92-EDE25861E2B9}.Release|Win32.ActiveCfg = Release|Win32
		{1F9231D6-4BC1-33BF-8F92-EDE25861E2B9}.Release|Win32.Build.0 = Release|Win32
		{1F9231D6-4BC1-33BF-8F92-EDE25861E2B9}.RelWithDebInfo|Win32.ActiveCfg = RelWithDebInfo|Win32
		{1F9231D6-4BC1-33BF-8F92-EDE25861E2B9}.RelWithDebInfo|Win32.Build.0 = RelWithDebInfo|Win32
		{C3BDF80F-4650-360A-AD6E-484033F08BC5}.Debug|Win32.ActiveCfg = Debug|Win32
		{C3BDF80F-4650-360A-AD6E-484033F08BC5}.Debug|Win32.Build.0 = Debug|Win32
		{C3BDF80F-4650-360A-AD6E-484033F08BC5}.MinSizeRel|Win32.ActiveCfg = MinSizeRel|Win32
		{C3BDF80F-4650-360A-AD6E-484033F08BC5}.MinSizeRel|Win32.Build.0 = MinSizeRel|Win32
		{C3BDF80F-4650-360A-AD6E-484033F08BC5}.Release|Win32.ActiveCfg = Release|Win32
		{C3BDF80F-4650-360A-AD6E-484033F08BC5}.Release|Win32.Build.0 = Release|Win32
		{C3BDF80F-4650-360A-AD6E-484033F08BC5}.RelWithDebInfo|Win32.ActiveCfg = RelWithDebInfo|Win32
		{C3BDF80F-4650-360A-AD6E-484033F08BC5}.RelWithDebInfo|Win32.Build.0 = RelWithDebInfo|Win32
		{67C9A1FB-E3A4-3B3A-AA7C-176352076BC5}.Debug|Win32.ActiveCfg = Debug|Win32
		{67C9A1FB-E3A4-3B3A-AA7C-176352076BC5}.Debug|Win32.Build.0 = Debug|Win32
		{67C9A1FB-E3A4-3B3A-AA7C-176352076BC5}.MinSizeRel|Win32.ActiveCfg = MinSizeRel|Win32
		{67C9A1FB-E3A4-3B3A-AA7C-176352076BC5}.MinSizeRel|Win32.Build.0 = MinSizeRel|Win32
		{67C9A1FB-E3A4-3B3A-AA7C-176352076BC5}.Release|Win32.ActiveCfg = Release|Win32
		{67C9A1FB-E3A4-3B3A-AA7C-176352076BC5}.Release|Win32.Build.0 = Release|Win32
		{67C9A1FB-E3A4-3B3A-AA7C-176352076BC5}.RelWithDebInfo|Win32.ActiveCfg = RelWithDebInfo|Win32
		{67C9A1FB-E3A4-3B3A-AA7C-176352076BC5}.RelWithDebInfo|Win32.Build.0 = RelWithDebInfo|Win32
		{021635FD-B19A-36FC-A59E-65DE8D94E049}.Debug|Win32.ActiveCfg = Debug|Win32
		{021635FD-B19A-36FC-A59E-65DE8D94E049}.Debug|Win32.Build.0 = Debug|Win32
		{021635FD-B19A-36FC-A59E-65DE8D94E049}.MinSizeRel|Win32.ActiveCfg = MinSizeRel|Win32
		{021635FD-B19A-36FC-A59E-65DE8D94E049}.MinSizeRel|Win32.Build.0 = MinSizeRel|Win32
		{021635FD-B19A-36FC-A59E-65DE8D94E049}.Release|Win32.ActiveCfg = Release|Win32
		{021635FD-B19A-36FC-A59E-65DE8D94E049}.Release|Win32.Build.0 = Release|Win32
		{021635FD-B19A-36FC-A59E-65DE8D94E049}.RelWithDebInfo|Win32.ActiveCfg = RelWithDebInfo|Win32
		{021635FD-B19A-36FC-A59E-65DE8D94E049}.RelWithDebInfo|Win32.Build.0 = RelWithDebInfo|Win32
		{6AF9AFD8-5CEB-3C9A-B6AD-5F4E1892D43A}.Debug|Win32.ActiveCfg = Debug|Win32
		{6AF9AFD8-5CEB-3C9A-B6AD-5F4E1892D43A}.Debug|Win32.Build.0 = Debug|Win32
		{6AF9AFD8-5CEB-3C9A-B6AD-5F4E1892D43A}.MinSizeRel|Win32.ActiveCfg = MinSizeRel|Win32
		{6AF9AFD8-5CEB-3C9A-B6AD-5F4E1892D43A}.MinSizeRel|Win32.Build.0 = MinSizeRel|Win32
		{6AF9AFD8-5CEB-3C9A-B6AD-5F4E1892D43A}.Release|Win32.ActiveCfg = Release|Win32
		{6AF9AFD8-5CEB-3C9A-B6AD-5F4E1892D43A}.Release|Win32.Build.0 = Release|Win32
		{6AF9AFD8-5CEB-3C9A-B6AD-5F4E1892D43A}.RelWithDebInfo|Win32.ActiveCfg = RelWithDebInfo|Win32
		{6AF9AFD8-5CEB-3C9A-B6AD-5F4E1892D43A}.RelWithDebInfo|Win32.Build.0 = RelWithDebInfo|Win32
		{05592B2F-D5FB-3D3D-A618-B891966AF297}.Debug|Win32.ActiveCfg = Debug|Win32
		{05592B2F-D5FB-3D3D-A618-B891966AF297}.Debug|Win32.Build.0 = Debug|Win32
		{05592B2F-D5FB-3D3D-A618-B891966AF297}.MinSizeRel|Win32.ActiveCfg = MinSizeRel|Win32
		{05592B2F-D5FB-3D3D-A618-B891966AF297}.MinSizeRel|Win32.Build.0 = MinSizeRel|Win32
		{05592B2F-D5FB-3D3D-A618-B891966AF297}.Release|Win32.ActiveCfg = Release|Win32
		{05592B2F-D5FB-3D3D-A618-B891966AF297}.Release|Win32.Build.0 = Release|Win32
		{05592B2F-D5FB-3D3D-A618-B891966AF297}.RelWithDebInfo|Win32.ActiveCfg = RelWithDebInfo|Win32
		{05592B2F-D5FB-3D3D-A618-B891966AF297}.RelWithDebInfo|Win32.Build.0 = RelWithDebInfo|Win32
		{06251024-87DA-3374-8BA0-08118FF1C8CC}.Debug|Win32.ActiveCfg = Debug|Win32
		{06251024-87DA-3374-8BA0-08118FF1C8CC}.Debug|Win32.Build.0 = Debug|Win32
		{06251024-87DA-3374-8BA0-08118FF1C8CC}.MinSizeRel|Win32.ActiveCfg = MinSizeRel|Win32
		{06251024-87DA-3374-8BA0-08118FF1C8CC}.MinSizeRel|Win32.Build.0 = MinSizeRel|Win32
		{06251024-87DA-3374-8BA0-08118FF1C8CC}.Release|Win32.ActiveCfg = Release|Win32
		{06251024-87DA-3374-8BA0-08118FF1C8CC}.Release|Win32.Build.0 = Release|Win32
		{06251024-87DA-3374-8BA0-08118FF1C8CC}.RelWithDebInfo|Win32.ActiveCfg = RelWithDebInfo|Win32
		{06251024-87DA-3374-8BA0-08118FF1C8CC}.RelWithDebInfo|Win32.Build.0 = RelWithDebInfo|Win32
		{D975B004-7E38-3988-ABB4-1BD56A6D02E9}.Debug|Win32.ActiveCfg = Debug|Win32
		{D975B004-7E38-3988-ABB4-1BD56A6D02E9}.Debug|Win32.Build.0 = Debug|Win32
		{D975B004-7E38-3988-ABB4-1BD56A6D02E9}.MinSizeRel|Win32.ActiveCfg = MinSizeRel|Win32
		{D975B004-7E38-3988-ABB4-1BD56A6D02E9}.MinSizeRel|Win32.Build.0 = MinSizeRel|Win32
		{D975B004-7E38-3988-ABB4-1BD56A6D02E9}.Release|Win32.ActiveCfg = Release|Win32
		{D975B004-7E38-3988-ABB4-1BD56A6D02E9}.Release|Win32.Build.0 = Release|Win32
		{D975B004-7E38-3988-ABB4-1BD56A6D02E9}.RelWithDebInfo|Win32.ActiveCfg = RelWithDebInfo|Win32
		{D975B004-7E38-3988-ABB4-1BD56A6D02E9}.RelWithDebInfo|Win32.Build.0 = RelWithDebInfo|Win32
		{86F7E017-CF6A-3EAA-BBC9-54E09CAC5979}.Debug|Win32.ActiveCfg = Debug|Win32
		{86F7E017-CF6A-3EAA-BBC9-54E09CAC5979}.Debug|Win32.Build.0 = Debug|Win32
		{86F7E017-CF6A-3EAA-BBC9-54E09CAC5979}.MinSizeRel|Win32.ActiveCfg = MinSizeRel|Win32
		{86F7E017-CF6A-3EAA-BBC9-54E09CAC5979}.MinSizeRel|Win32.Build.0 = MinSizeRel|Win32
		{86F7E017-CF6A-3EAA-BBC9-54E09CAC5979}.Release|Win32.ActiveCfg = Release|Win32
		{86F7E017-CF6A-3EAA-BBC9-54E09CAC5979}.Release|Win32.Build.0 = Release|Win32
		{86F7E017-CF6A-3EAA-BBC9-54E09CAC5979}.RelWithDebInfo|Win32.ActiveCfg = RelWithDebInfo|Win32
		{86F7E017-CF6A-3EAA-BBC9-54E09CAC5979}.RelWithDebInfo|Win32.Build.0 = RelWithDebInfo|Win32
		{2F584A2C-22E6-3495-AF6D-48C15E3AB6AF}.Debug|Win32.ActiveCfg = Debug|Win32
		{2F584A2C-22E6-3495-AF6D-48C15E3AB6AF}.Debug|Win32.Build.0 = Debug|Win32
		{2F584A2C-22E6-3495-AF6D-48C15E3AB6AF}.MinSizeRel|Win32.ActiveCfg = MinSizeRel|Win32
		{2F584A2C-22E6-3495-AF6D-48C15E3AB6AF}.MinSizeRel|Win32.Build.0 = MinSizeRel|Win32
		{2F584A2C-22E6-3495-AF6D-48C15E3AB6AF}.Release|Win32.ActiveCfg = Release|Win32
		{2F584A2C-22E6-3495-AF6D-48C15E3AB6AF}.Release|Win32.Build.0 = Release|Win32
		{2F584A2C-22E6-3495-AF6D-48C15E3AB6AF}.RelWithDebInfo|Win32.ActiveCfg = RelWithDebInfo|Win32
		{2F584A2C-22E6-3495-AF6D-48C15E3AB6AF}.RelWithDebInfo|Win32.Build.0 = RelWithDebInfo|Win32
		{CAE7FDE7-7ED9-3BC5-B495-6309FDE341E5}.Debug|Win32.ActiveCfg = Debug|Win32
		{CAE7FDE7-7ED9-3BC5-B495-6309FDE341E5}.Debug|Win32.Build.0 = Debug|Win32
		{CAE7FDE7-7ED9-3BC5-B495-6309FDE341E5}.MinSizeRel|Win32.ActiveCfg = MinSizeRel|Win32
		{CAE7FDE7-7ED9-3BC5-B495-6309FDE341E5}.MinSizeRel|Win32.Build.0 = MinSizeRel|Win32
		{CAE7FDE7-7ED9-3BC5-B495-6309FDE341E5}.Release|Win32.ActiveCfg = Release|Win32
		{CAE7FDE7-7ED9-3BC5-B495-6309FDE341E5}.Release|Win32.Build.0 = Release|Win32
		{CAE7FDE7-7ED9-3BC5-B495-6309FDE341E5}.RelWithDebInfo|Win32.ActiveCfg = RelWithDebInfo|Win32
		{CAE7FDE7-7ED9-3BC5-B495-6309FDE341E5}.RelWithDebInfo|Win32.Build.0 = RelWithDebInfo|Win32
		{953FBC3A-9FE6-3072-8948-2C111403D8E1}.Debug|Win32.ActiveCfg = Debug|Win32
		{953FBC3A-9FE6-3072-8948-2C111403D8E1}.Debug|Win32.Build.0 = Debug|Win32
		{953FBC3A-9FE6-3072-8948-2C111403D8E1}.MinSizeRel|Win32.ActiveCfg = MinSizeRel|Win32
		{953FBC3A-9FE6-3072-8948-2C111403D8E1}.MinSizeRel|Win32.Build.0 = MinSizeRel|Win32
		{953FBC3A-9FE6-3072-8948-2C111403D8E1}.Release|Win32.ActiveCfg = Release|Win32
		{953FBC3A-9FE6-3072-8948-2C111403D8E1}.Release|Win32.Build.0 = Release|Win32
		{953FBC3A-9FE6-3072-8948-2C111403D8E1}.RelWithDebInfo|Win32.ActiveCfg = RelWithDebInfo|Win32
		{953FBC3A-9FE6-3072-8948-2C111403D8E1}.RelWithDebInfo|Win32.Build.0 = RelWithDebInfo|Win32
		{AFBE656B-C678-3C04-9BB1-B3A9C89B37E7}.Debug|Win32.ActiveCfg = Debug|Win32
		{AFBE656B-C678-3C04-9BB1-B3A9C89B37E7}.Debug|Win32.Build.0 = Debug|Win32
		{AFBE656B-C678-3C04-9BB1-B3A9C89B37E7}.MinSizeRel|Win32.ActiveCfg = MinSizeRel|Win32
		{AFBE656B-C678-3C04-9BB1-B3A9C89B37E7}.MinSizeRel|Win32.Build.0 = MinSizeRel|Win32
		{AFBE656B-C678-3C04-9BB1-B3A9C89B37E7}.Release|Win32.ActiveCfg = Release|Win32
		{AFBE656B-C678-3C04-9BB1-B3A9C89B37E7}.Release|Win32.Build.0 = Release|Win32
		{AFBE656B-C678-3C04-9BB1-B3A9C89B37E7}.RelWithDebInfo|Win32.ActiveCfg = RelWithDebInfo|Win32
		{AFBE656B-C678-3C04-9BB1-B3A9C89B37E7}.RelWithDebInfo|Win32.Build.0 = RelWithDebInfo|Win32
		{FFEBB2F2-7D6B-34F0-B2D4-B1534A02415B}.Debug|Win32.ActiveCfg = Debug|Win32
		{FFEBB2F2-7D6B-34F0-B2D4-B1534A02415B}.Debug|Win32.Build.0 = Debug|Win32
		{FFEBB2F2-7D6B-34F0-B2D4-B1534A02415B}.MinSizeRel|Win32.ActiveCfg = MinSizeRel|Win32
		{FFEBB2F2-7D6B-34F0-B2D4-B1534A02415B}.MinSizeRel|Win32.Build.0 = MinSizeRel|Win32
		{FFEBB2F2-7D6B-34F0-B2D4-B1534A02415B}.Release|Win32.ActiveCfg = Release|Win32
		{FFEBB2F2-7D6B-34F0-B2D4-B1534A02415B}.Release|Win32.Build.0 = Release|Win32
		{FFEBB2F2-7D6B-34F0-B2D4-B1534A02415B}.RelWithDebInfo|Win32.ActiveCfg = RelWithDebInfo|Win32
		{FFEBB2F2-7D6B-34F0-B2D4-B1534A02415B}.RelWithDebInfo|Win32.Build.0 = RelWithDebInfo|Win32
		{CE353FE1-3B12-3BFC-A7CA-770B202470E3}.Debug|Win32.ActiveCfg = Debug|Win32
		{CE353FE1-3B12-3BFC-A7CA-770B202470E3}.Debug|Win32.Build.0 = Debug|Win32
		{CE353FE1-3B12-3BFC-A7CA-770B202470E3}.MinSizeRel|Win32.ActiveCfg = MinSizeRel|Win32
		{CE353FE1-3B12-3BFC-A7CA-770B202470E3}.MinSizeRel|Win32.Build.0 = MinSizeRel|Win32
		{CE353FE1-3B12-3BFC-A7CA-770B202470E3}.Release|Win32.ActiveCfg = Release|Win32
		{CE353FE1-3B12-3BFC-A7CA-770B202470E3}.Release|Win32.Build.0 = Release|Win32
		{CE353FE1-3B12-3BFC-A7CA-770B202470E3}.RelWithDebInfo|Win32.ActiveCfg = RelWithDebInfo|Win32
		{CE353FE1-3B12-3BFC-A7CA-770B202470E3}.RelWithDebInfo|Win32.Build.0 = RelWithDebInfo|Win32
		{595B9428-0C02-3D27-8A38-FA9B67E9C95F}.Debug|Win32.ActiveCfg = Debug|Win32
		{595B9428-0C02-3D27-8A38-FA9B67E9C95F}.Debug|Win32.Build.0 = Debug|Win32
		{595B9428-0C02-3D27-8A38-FA9B67E9C95F}.MinSizeRel|Win32.ActiveCfg = MinSizeRel|Win32
		{595B9428-0C02-3D27-8A38-FA9B67E9C95F}.MinSizeRel|Win32.Build.0 = MinSizeRel|Win32
		{595B9428-0C02-3D27-8A38-FA9B67E9C95F}.Release|Win32.ActiveCfg = Release|Win32
		{595B9428-0C02-3D27-8A38-FA9B67E9C95F}.Release|Win32.Build.0 = Release|Win32
		{595B9428-0C02-3D27-8A38-FA9B67E9C95F}.RelWithDebInfo|Win32.ActiveCfg = RelWithDebInfo|Win32
		{595B9428-0C02-3D27-8A38-FA9B67E9C95F}.RelWithDebInfo|Win32.Build.0 = RelWithDebInfo|Win32
		{A198C116-4D28-305B-B85F-EECE953B1B89}.Debug|Win32.ActiveCfg = Debug|Win32
		{A198C116-4D28-305B-B85F-EECE953B1B89}.Debug|Win32.Build.0 = Debug|Win32
		{A198C116-4D28-305B-B85F-EECE953B1B89}.MinSizeRel|Win32.ActiveCfg = MinSizeRel|Win32
		{A198C116-4D28-305B-B85F-EECE953B1B89}.MinSizeRel|Win32.Build.0 = MinSizeRel|Win32
		{A198C116-4D28-305B-B85F-EECE953B1B89}.Release|Win32.ActiveCfg = Release|Win32
		{A198C116-4D28-305B-B85F-EECE953B1B89}.Release|Win32.Build.0 = Release|Win32
		{A198C116-4D28-305B-B85F-EECE953B1B89}.RelWithDebInfo|Win32.ActiveCfg = RelWithDebInfo|Win32
		{A198C116-4D28-305B-B85F-EECE953B1B89}.RelWithDebInfo|Win32.Build.0 = RelWithDebInfo|Win32
		{87B6B824-AB49-34D7-8641-52BBC607A661}.Debug|Win32.ActiveCfg = Debug|Win32
		{87B6B824-AB49-34D7-8641-52BBC607A661}.Debug|Win32.Build.0 = Debug|Win32
		{87B6B824-AB49-34D7-8641-52BBC607A661}.MinSizeRel|Win32.ActiveCfg = MinSizeRel|Win32
		{87B6B824-AB49-34D7-8641-52BBC607A661}.MinSizeRel|Win32.Build.0 = MinSizeRel|Win32
		{87B6B824-AB49-34D7-8641-52BBC607A661}.Release|Win32.ActiveCfg = Release|Win32
		{87B6B824-AB49-34D7-8641-52BBC607A661}.Release|Win32.Build.0 = Release|Win32
		{87B6B824-AB49-34D7-8641-52BBC607A661}.RelWithDebInfo|Win32.ActiveCfg = RelWithDebInfo|Win32
		{87B6B824-AB49-34D7-8641-52BBC607A661}.RelWithDebInfo|Win32.Build.0 = RelWithDebInfo|Win32
		{F1DC6BCE-F9C5-372D-8B3B-8D5CCC34B827}.Debug|Win32.ActiveCfg = Debug|Win32
		{F1DC6BCE-F9C5-372D-8B3B-8D5CCC34B827}.Debug|Win32.Build.0 = Debug|Win32
		{F1DC6BCE-F9C5-372D-8B3B-8D5CCC34B827}.MinSizeRel|Win32.ActiveCfg = MinSizeRel|Win32
		{F1DC6BCE-F9C5-372D-8B3B-8D5CCC34B827}.MinSizeRel|Win32.Build.0 = MinSizeRel|Win32
		{F1DC6BCE-F9C5-372D-8B3B-8D5CCC34B827}.Release|Win32.ActiveCfg = Release|Win32
		{F1DC6BCE-F9C5-372D-8B3B-8D5CCC34B827}.Release|Win32.Build.0 = Release|Win32
		{F1DC6BCE-F9C5-372D-8B3B-8D5CCC34B827}.RelWithDebInfo|Win32.ActiveCfg = RelWithDebInfo|Win32
		{F1DC6BCE-F9C5-372D-8B3B-8D5CCC34B827}.RelWithDebInfo|Win32.Build.0 = RelWithDebInfo|Win32
		{DD8F373A-AFF6-31AF-8250-5BFA2BC625B6}.Debug|Win32.ActiveCfg = Debug|Win32
		{DD8F373A-AFF6-31AF-8250-5BFA2BC625B6}.Debug|Win32.Build.0 = Debug|Win32
		{DD8F373A-AFF6-31AF-8250-5BFA2BC625B6}.MinSizeRel|Win32.ActiveCfg = MinSizeRel|Win32
		{DD8F373A-AFF6-31AF-8250-5BFA2BC625B6}.MinSizeRel|Win32.Build.0 = MinSizeRel|Win32
		{DD8F373A-AFF6-31AF-8250-5BFA2BC625B6}.Release|Win32.ActiveCfg = Release|Win32
		{DD8F373A-AFF6-31AF-8250-5BFA2BC625B6}.Release|Win32.Build.0 = Release|Win32
		{DD8F373A-AFF6-31AF-8250-5BFA2BC625B6}.RelWithDebInfo|Win32.ActiveCfg = RelWithDebInfo|Win32
		{DD8F373A-AFF6-31AF-8250-5BFA2BC625B6}.RelWithDebInfo|Win32.Build.0 = RelWithDebInfo|Win32
		{63DFDEEA-EB20-38F2-A489-D816EDD47F0F}.Debug|Win32.ActiveCfg = Debug|Win32
		{63DFDEEA-EB20-38F2-A489-D816EDD47F0F}.Debug|Win32.Build.0 = Debug|Win32
		{63DFDEEA-EB20-38F2-A489-D816EDD47F0F}.MinSizeRel|Win32.ActiveCfg = MinSizeRel|Win32
		{63DFDEEA-EB20-38F2-A489-D816EDD47F0F}.MinSizeRel|Win32.Build.0 = MinSizeRel|Win32
		{63DFDEEA-EB20-38F2-A489-D816EDD47F0F}.Release|Win32.ActiveCfg = Release|Win32
		{63DFDEEA-EB20-38F2-A489-D816EDD47F0F}.Release|Win32.Build.0 = Release|Win32
		{63DFDEEA-EB20-38F2-A489-D816EDD47F0F}.RelWithDebInfo|Win32.ActiveCfg = RelWithDebInfo|Win32
		{63DFDEEA-EB20-38F2-A489-D816EDD47F0F}.RelWithDebInfo|Win32.Build.0 = RelWithDebInfo|Win32
		{ECD7061E-E9AA-3BAF-95BB-81933E167209}.Debug|Win32.ActiveCfg = Debug|Win32
		{ECD7061E-E9AA-3BAF-95BB-81933E167209}.Debug|Win32.Build.0 = Debug|Win32
		{ECD7061E-E9AA-3BAF-95BB-81933E167209}.MinSizeRel|Win32.ActiveCfg = MinSizeRel|Win32
		{ECD7061E-E9AA-3BAF-95BB-81933E167209}.MinSizeRel|Win32.Build.0 = MinSizeRel|Win32
		{ECD7061E-E9AA-3BAF-95BB-81933E167209}.Release|Win32.ActiveCfg = Release|Win32
		{ECD7061E-E9AA-3BAF-95BB-81933E167209}.Release|Win32.Build.0 = Release|Win32
		{ECD7061E-E9AA-3BAF-95BB-81933E167209}.RelWithDebInfo|Win32.ActiveCfg = RelWithDebInfo|Win32
		{ECD7061E-E9AA-3BAF-95BB-81933E167209}.RelWithDebInfo|Win32.Build.0 = RelWithDebInfo|Win32
		{B0D0FF1E-3D28-3574-AE1C-3E9E37C93D93}.Debug|Win32.ActiveCfg = Debug|Win32
		{B0D0FF1E-3D28-3574-AE1C-3E9E37C93D93}.Debug|Win32.Build.0 = Debug|Win32
		{B0D0FF1E-3D28-3574-AE1C-3E9E37C93D93}.MinSizeRel|Win32.ActiveCfg = MinSizeRel|Win32
		{B0D0FF1E-3D28-3574-AE1C-3E9E37C93D93}.MinSizeRel|Win32.Build.0 = MinSizeRel|Win32
		{B0D0FF1E-3D28-3574-AE1C-3E9E37C93D93}.Release|Win32.ActiveCfg = Release|Win32
		{B0D0FF1E-3D28-3574-AE1C-3E9E37C93D93}.Release|Win32.Build.0 = Release|Win32
		{B0D0FF1E-3D28-3574-AE1C-3E9E37C93D93}.RelWithDebInfo|Win32.ActiveCfg = RelWithDebInfo|Win32
		{B0D0FF1E-3D28-3574-AE1C-3E9E37C93D93}.RelWithDebInfo|Win32.Build.0 = RelWithDebInfo|Win32
		{3573217A-C877-3DEB-B804-14FDF2E81AD4}.Debug|Win32.ActiveCfg = Debug|Win32
		{3573217A-C877-3DEB-B804-14FDF2E81AD4}.Debug|Win32.Build.0 = Debug|Win32
		{3573217A-C877-3DEB-B804-14FDF2E81AD4}.MinSizeRel|Win32.ActiveCfg = MinSizeRel|Win32
		{3573217A-C877-3DEB-B804-14FDF2E81AD4}.MinSizeRel|Win32.Build.0 = MinSizeRel|Win32
		{3573217A-C877-3DEB-B804-14FDF2E81AD4}.Release|Win32.ActiveCfg = Release|Win32
		{3573217A-C877-3DEB-B804-14FDF2E81AD4}.Release|Win32.Build.0 = Release|Win32
		{3573217A-C877-3DEB-B804-14FDF2E81AD4}.RelWithDebInfo|Win32.ActiveCfg = RelWithDebInfo|Win32
		{3573217A-C877-3DEB-B804-14FDF2E81AD4}.RelWithDebInfo|Win32.Build.0 = RelWithDebInfo|Win32
		{C75A4962-C7DF-3EDB-B851-26921A7F18ED}.Debug|Win32.ActiveCfg = Debug|Win32
		{C75A4962-C7DF-3EDB-B851-26921A7F18ED}.Debug|Win32.Build.0 = Debug|Win32
		{C75A4962-C7DF-3EDB-B851-26921A7F18ED}.MinSizeRel|Win32.ActiveCfg = MinSizeRel|Win32
		{C75A4962-C7DF-3EDB-B851-26921A7F18ED}.MinSizeRel|Win32.Build.0 = MinSizeRel|Win32
		{C75A4962-C7DF-3EDB-B851-26921A7F18ED}.Release|Win32.ActiveCfg = Release|Win32
		{C75A4962-C7DF-3EDB-B851-26921A7F18ED}.Release|Win32.Build.0 = Release|Win32
		{C75A4962-C7DF-3EDB-B851-26921A7F18ED}.RelWithDebInfo|Win32.ActiveCfg = RelWithDebInfo|Win32
		{C75A4962-C7DF-3EDB-B851-26921A7F18ED}.RelWithDebInfo|Win32.Build.0 = RelWithDebInfo|Win32
		{A3B22E9D-E3F5-3279-BEC5-39B1FD0A1506}.Debug|Win32.ActiveCfg = Debug|Win32
		{A3B22E9D-E3F5-3279-BEC5-39B1FD0A1506}.Debug|Win32.Build.0 = Debug|Win32
		{A3B22E9D-E3F5-3279-BEC5-39B1FD0A1506}.MinSizeRel|Win32.ActiveCfg = MinSizeRel|Win32
		{A3B22E9D-E3F5-3279-BEC5-39B1FD0A1506}.MinSizeRel|Win32.Build.0 = MinSizeRel|Win32
		{A3B22E9D-E3F5-3279-BEC5-39B1FD0A1506}.Release|Win32.ActiveCfg = Release|Win32
		{A3B22E9D-E3F5-3279-BEC5-39B1FD0A1506}.Release|Win32.Build.0 = Release|Win32
		{A3B22E9D-E3F5-3279-BEC5-39B1FD0A1506}.RelWithDebInfo|Win32.ActiveCfg = RelWithDebInfo|Win32
		{A3B22E9D-E3F5-3279-BEC5-39B1FD0A1506}.RelWithDebInfo|Win32.Build.0 = RelWithDebInfo|Win32
		{0418CD2D-F449-3DB6-9723-C2E5AE81E511}.Debug|Win32.ActiveCfg = Debug|Win32
		{0418CD2D-F449-3DB6-9723-C2E5AE81E511}.Debug|Win32.Build.0 = Debug|Win32
		{0418CD2D-F449-3DB6-9723-C2E5AE81E511}.MinSizeRel|Win32.ActiveCfg = MinSizeRel|Win32
		{0418CD2D-F449-3DB6-9723-C2E5AE81E511}.MinSizeRel|Win32.Build.0 = MinSizeRel|Win32
		{0418CD2D-F449-3DB6-9723-C2E5AE81E511}.Release|Win32.ActiveCfg = Release|Win32
		{0418CD2D-F449-3DB6-9723-C2E5AE81E511}.Release|Win32.Build.0 = Release|Win32
		{0418CD2D-F449-3DB6-9723-C2E5AE81E511}.RelWithDebInfo|Win32.ActiveCfg = RelWithDebInfo|Win32
		{0418CD2D-F449-3DB6-9723-C2E5AE81E511}.RelWithDebInfo|Win32.Build.0 = RelWithDebInfo|Win32
		{75AC165A-BC97-3A3D-B584-BF8CD65CB7D5}.Debug|Win32.ActiveCfg = Debug|Win32
		{75AC165A-BC97-3A3D-B584-BF8CD65CB7D5}.Debug|Win32.Build.0 = Debug|Win32
		{75AC165A-BC97-3A3D-B584-BF8CD65CB7D5}.MinSizeRel|Win32.ActiveCfg = MinSizeRel|Win32
		{75AC165A-BC97-3A3D-B584-BF8CD65CB7D5}.MinSizeRel|Win32.Build.0 = MinSizeRel|Win32
		{75AC165A-BC97-3A3D-B584-BF8CD65CB7D5}.Release|Win32.ActiveCfg = Release|Win32
		{75AC165A-BC97-3A3D-B584-BF8CD65CB7D5}.Release|Win32.Build.0 = Release|Win32
		{75AC165A-BC97-3A3D-B584-BF8CD65CB7D5}.RelWithDebInfo|Win32.ActiveCfg = RelWithDebInfo|Win32
		{75AC165A-BC97-3A3D-B584-BF8CD65CB7D5}.RelWithDebInfo|Win32.Build.0 = RelWithDebInfo|Win32
		{6B3887EF-0127-36B8-A915-2F063234BB17}.Debug|Win32.ActiveCfg = Debug|Win32
		{6B3887EF-0127-36B8-A915-2F063234BB17}.Debug|Win32.Build.0 = Debug|Win32
		{6B3887EF-0127-36B8-A915-2F063234BB17}.MinSizeRel|Win32.ActiveCfg = MinSizeRel|Win32
		{6B3887EF-0127-36B8-A915-2F063234BB17}.MinSizeRel|Win32.Build.0 = MinSizeRel|Win32
		{6B3887EF-0127-36B8-A915-2F063234BB17}.Release|Win32.ActiveCfg = Release|Win32
		{6B3887EF-0127-36B8-A915-2F063234BB17}.Release|Win32.Build.0 = Release|Win32
		{6B3887EF-0127-36B8-A915-2F063234BB17}.RelWithDebInfo|Win32.ActiveCfg = RelWithDebInfo|Win32
		{6B3887EF-0127-36B8-A915-2F063234BB17}.RelWithDebInfo|Win32.Build.0 = RelWithDebInfo|Win32
	EndGlobalSection
	GlobalSection(SolutionProperties) = preSolution
		HideSolutionNode = FALSE
	EndGlobalSection
EndGlobal
